<?xml version="1.0" encoding="utf-8"?>
<Project ToolsVersion="4.0" xmlns="http://schemas.microsoft.com/developer/msbuild/2003">
    <ItemGroup>
        <Filter Include="..">
            <UniqueIdentifier>{092d697b-b4f9-8a6c-e935-bb868dd5737f}</UniqueIdentifier>
        </Filter>
        <Filter Include="..\..">
            <UniqueIdentifier>{cbff9f0f-ef1e-0e42-9cd0-147ac648484a}</UniqueIdentifier>
        </Filter>
        <Filter Include="..\..\..">
            <UniqueIdentifier>{988d566c-4009-4d1c-ae7b-627b79d62c3d}</UniqueIdentifier>
        </Filter>
        <Filter Include="..\..\..\CMSIS_5.6.0">
            <UniqueIdentifier>{fa4f462b-6f53-d042-899f-1d022f0686df}</UniqueIdentifier>
        </Filter>
        <Filter Include="..\..\..\CMSIS_5.6.0\Core">
            <UniqueIdentifier>{68ded6a3-b473-2d7b-b4a3-ae964e41e0a9}</UniqueIdentifier>
        </Filter>
        <Filter Include="..\..\..\CMSIS_5.6.0\Core\Include">
            <UniqueIdentifier>{7a92906e-c802-bd0f-b830-abb05f3ec123}</UniqueIdentifier>
        </Filter>
        <Filter Include="..\..\..\CMSIS_5.6.0\DSP">
            <UniqueIdentifier>{9912fb01-f168-1988-1bce-8ee7db36b1c4}</UniqueIdentifier>
        </Filter>
        <Filter Include="..\..\..\CMSIS_5.6.0\DSP\Include">
            <UniqueIdentifier>{5bd77ff6-e92c-b77c-46d4-cda458d02814}</UniqueIdentifier>
        </Filter>
        <Filter Include="..\..\..\CMSIS_5.6.0\NN">
            <UniqueIdentifier>{195894a5-16c7-1153-d1ea-f27e4095aeac}</UniqueIdentifier>
        </Filter>
        <Filter Include="..\..\..\CMSIS_5.6.0\NN\Include">
            <UniqueIdentifier>{7b0ee3a5-e2c0-ce96-2569-83cf29ed9cc4}</UniqueIdentifier>
        </Filter>
        <Filter Include="..\..\..\HITSIC">
            <UniqueIdentifier>{fa81d27f-f390-35cc-d8e9-fa3c7d6fa823}</UniqueIdentifier>
        </Filter>
        <Filter Include="..\..\..\HITSIC\d_mk66f18">
            <UniqueIdentifier>{fc38fa8b-c3de-e07e-63e2-de2fc3742b32}</UniqueIdentifier>
        </Filter>
        <Filter Include="..\..\..\HITSIC\d_mk66f18\extlib_port">
            <UniqueIdentifier>{1baba370-b9e3-6604-3fea-872093a3be69}</UniqueIdentifier>
        </Filter>
        <Filter Include="..\..\..\HITSIC\d_mk66f18\extlib_port\EasyFlash-4.0.0">
            <UniqueIdentifier>{dd5486a6-6d57-2ff5-e36c-bda64475c74f}</UniqueIdentifier>
        </Filter>
        <Filter Include="..\..\..\HITSIC\d_mk66f18\extlib_port\EasyFlash-4.0.0\easyflash">
            <UniqueIdentifier>{9cb819a6-47a1-a3ea-f6de-b84a7061d05c}</UniqueIdentifier>
        </Filter>
        <Filter Include="..\..\..\HITSIC\d_mk66f18\extlib_port\EasyFlash-4.0.0\easyflash\port">
            <UniqueIdentifier>{ff62b6f8-ef4a-6a3a-c2d8-20649ee07f19}</UniqueIdentifier>
        </Filter>
        <Filter Include="..\..\..\HITSIC\d_mk66f18\extlib_port\cm_backtrace">
            <UniqueIdentifier>{7dc70313-bdd9-fc8e-fec3-7d9b369a1e0e}</UniqueIdentifier>
        </Filter>
        <Filter Include="..\..\..\HITSIC\d_mk66f18\extlib_port\cm_backtrace\cmb_1.3.0">
            <UniqueIdentifier>{70628a80-39b7-c13d-f237-3757b1d63392}</UniqueIdentifier>
        </Filter>
        <Filter Include="..\..\..\HITSIC\d_mk66f18\legacy_drivers">
            <UniqueIdentifier>{9fc992b6-eb7b-61c0-56ab-c621c53c585e}</UniqueIdentifier>
        </Filter>
        <Filter Include="..\..\..\HITSIC\utilities">
            <UniqueIdentifier>{4254d23e-5b9e-35df-8288-c381bb2504c9}</UniqueIdentifier>
        </Filter>
        <Filter Include="..\..\..\HITSIC\utilities\app">
            <UniqueIdentifier>{11bcb480-f198-d3d1-0e76-b4ee2b49cf6c}</UniqueIdentifier>
        </Filter>
        <Filter Include="..\..\..\HITSIC\utilities\drv">
            <UniqueIdentifier>{6449cf23-46e0-c43f-52dc-f2d18ef0f1be}</UniqueIdentifier>
        </Filter>
        <Filter Include="..\..\..\HITSIC\utilities\extlib">
            <UniqueIdentifier>{e3927b9f-d01e-6180-0632-26d25ad03229}</UniqueIdentifier>
        </Filter>
        <Filter Include="..\..\..\HITSIC\utilities\extlib\EasyFlash-4.0.0">
            <UniqueIdentifier>{e620404d-19ab-504d-8211-c6682944fa52}</UniqueIdentifier>
        </Filter>
        <Filter Include="..\..\..\HITSIC\utilities\extlib\EasyFlash-4.0.0\easyflash">
            <UniqueIdentifier>{067ab6c5-871f-1bed-6ee1-3c0b61c2c1a3}</UniqueIdentifier>
        </Filter>
        <Filter Include="..\..\..\HITSIC\utilities\extlib\EasyFlash-4.0.0\easyflash\inc">
            <UniqueIdentifier>{b9f955ae-b4e1-0909-0349-1f249cf20fa4}</UniqueIdentifier>
        </Filter>
        <Filter Include="..\..\..\HITSIC\utilities\extlib\EasyFlash-4.0.0\easyflash\plugins">
            <UniqueIdentifier>{78459531-169a-c109-0792-e66b404e5cdc}</UniqueIdentifier>
        </Filter>
        <Filter Include="..\..\..\HITSIC\utilities\extlib\EasyFlash-4.0.0\easyflash\plugins\types">
            <UniqueIdentifier>{dcc50f26-2792-dd74-e463-0b27e72b31a4}</UniqueIdentifier>
        </Filter>
        <Filter Include="..\..\..\HITSIC\utilities\extlib\EasyFlash-4.0.0\easyflash\plugins\types\struct2json">
            <UniqueIdentifier>{4b0109e4-7e70-94d2-0035-15f1f82404a3}</UniqueIdentifier>
        </Filter>
        <Filter Include="..\..\..\HITSIC\utilities\extlib\EasyFlash-4.0.0\easyflash\plugins\types\struct2json\inc">
            <UniqueIdentifier>{4f833ce3-73bc-aeac-057f-8c40fbce6f62}</UniqueIdentifier>
        </Filter>
        <Filter Include="..\..\..\HITSIC\utilities\extlib\EasyFlash-4.0.0\easyflash\plugins\types\struct2json\src">
            <UniqueIdentifier>{6fb011bc-aedf-736a-69ca-e8bd7884d849}</UniqueIdentifier>
        </Filter>
        <Filter Include="..\..\..\HITSIC\utilities\extlib\EasyFlash-4.0.0\easyflash\src">
            <UniqueIdentifier>{12330ed7-8751-9b84-868e-a1afe7dcb9cf}</UniqueIdentifier>
        </Filter>
        <Filter Include="..\..\..\HITSIC\utilities\extlib\cm_backtrace">
            <UniqueIdentifier>{d261adcb-a6a9-6e90-0342-4fafd04ea88d}</UniqueIdentifier>
        </Filter>
        <Filter Include="..\..\..\HITSIC\utilities\extlib\cm_backtrace\cmb_1.3.0">
            <UniqueIdentifier>{36d575f1-7350-9419-588f-4a35bb532ffa}</UniqueIdentifier>
        </Filter>
        <Filter Include="..\..\..\HITSIC\utilities\lib">
            <UniqueIdentifier>{9605dd00-86ed-7585-0dcc-3bd80083958f}</UniqueIdentifier>
        </Filter>
        <Filter Include="..\..\..\HITSIC\utilities\rte">
            <UniqueIdentifier>{aa696f51-47d9-aa6c-8a82-8801475591c3}</UniqueIdentifier>
        </Filter>
        <Filter Include="..\..\..\HITSIC\utilities\sys">
            <UniqueIdentifier>{ba9a927c-3eac-9927-5738-ba3709429d3f}</UniqueIdentifier>
        </Filter>
        <Filter Include="..\..\..\components">
            <UniqueIdentifier>{6ef0fee8-d4cd-cb6e-fc67-5af3bcc1204a}</UniqueIdentifier>
        </Filter>
        <Filter Include="..\..\..\components\lists">
            <UniqueIdentifier>{2e12fb1d-bfd4-c988-f197-dedcda6bb29d}</UniqueIdentifier>
        </Filter>
        <Filter Include="..\..\..\components\serial_manager">
            <UniqueIdentifier>{727911a4-493b-091e-ce4f-b02bf9a8cb80}</UniqueIdentifier>
        </Filter>
        <Filter Include="..\..\..\components\uart">
            <UniqueIdentifier>{e29cd8f5-0877-0588-fcf7-8698830fd4aa}</UniqueIdentifier>
        </Filter>
        <Filter Include="..\..\..\devices">
            <UniqueIdentifier>{e7e4c898-8603-547d-e118-ba9a0e087374}</UniqueIdentifier>
        </Filter>
        <Filter Include="..\..\..\devices\MK66F18">
            <UniqueIdentifier>{07095903-3984-6d45-363a-c399041c1175}</UniqueIdentifier>
        </Filter>
        <Filter Include="..\..\..\devices\MK66F18\drivers">
            <UniqueIdentifier>{ac5214c1-9b55-ba89-64d4-492ffcd34616}</UniqueIdentifier>
        </Filter>
        <Filter Include="..\..\..\devices\MK66F18\iar">
            <UniqueIdentifier>{6c676f48-230c-c2b1-d17f-a3c15da46bfe}</UniqueIdentifier>
        </Filter>
        <Filter Include="..\..\..\devices\MK66F18\utilities">
            <UniqueIdentifier>{c1b1e320-7911-2d54-2793-6bfab1181676}</UniqueIdentifier>
        </Filter>
        <Filter Include="..\..\..\devices\MK66F18\utilities\debug_console">
            <UniqueIdentifier>{21b819c2-050e-43eb-dda7-08207f97d126}</UniqueIdentifier>
        </Filter>
        <Filter Include="..\..\..\devices\MK66F18\utilities\str">
            <UniqueIdentifier>{260357b6-3e58-bcdd-4a43-12eb4fc70285}</UniqueIdentifier>
        </Filter>
        <Filter Include="..\board">
            <UniqueIdentifier>{370b4763-af79-e0b3-18d0-02c47903430c}</UniqueIdentifier>
        </Filter>
        <Filter Include="..\main">
            <UniqueIdentifier>{ec486f72-cdf9-5704-bee6-6e23a5e11a42}</UniqueIdentifier>
        </Filter>
    </ItemGroup>
    <ItemGroup>
        <ClCompile Include="..\board\board.c">
            <Filter>..\board</Filter>
        </ClCompile>
        <ClCompile Include="..\board\clock_config.c">
            <Filter>..\board</Filter>
        </ClCompile>
        <ClCompile Include="..\board\peripherals.c">
            <Filter>..\board</Filter>
        </ClCompile>
        <ClCompile Include="..\board\pin_mux.c">
            <Filter>..\board</Filter>
        </ClCompile>
        <ClCompile Include="..\..\..\components\lists\generic_list.c">
            <Filter>..\..\..\components\lists</Filter>
        </ClCompile>
        <ClCompile Include="..\..\..\components\serial_manager\serial_manager.c">
            <Filter>..\..\..\components\serial_manager</Filter>
        </ClCompile>
        <ClCompile Include="..\..\..\components\serial_manager\serial_port_swo.c">
            <Filter>..\..\..\components\serial_manager</Filter>
        </ClCompile>
        <ClCompile Include="..\..\..\components\serial_manager\serial_port_uart.c">
            <Filter>..\..\..\components\serial_manager</Filter>
        </ClCompile>
        <ClCompile Include="..\..\..\components\uart\uart_adapter.c">
            <Filter>..\..\..\components\uart</Filter>
        </ClCompile>
        <ClCompile Include="..\..\..\devices\MK66F18\drivers\fsl_adc16.c">
            <Filter>..\..\..\devices\MK66F18\drivers</Filter>
        </ClCompile>
        <ClCompile Include="..\..\..\devices\MK66F18\drivers\fsl_cache.c">
            <Filter>..\..\..\devices\MK66F18\drivers</Filter>
        </ClCompile>
        <ClCompile Include="..\..\..\devices\MK66F18\drivers\fsl_clock.c">
            <Filter>..\..\..\devices\MK66F18\drivers</Filter>
        </ClCompile>
        <ClCompile Include="..\..\..\devices\MK66F18\drivers\fsl_cmp.c">
            <Filter>..\..\..\devices\MK66F18\drivers</Filter>
        </ClCompile>
        <ClCompile Include="..\..\..\devices\MK66F18\drivers\fsl_cmt.c">
            <Filter>..\..\..\devices\MK66F18\drivers</Filter>
        </ClCompile>
        <ClCompile Include="..\..\..\devices\MK66F18\drivers\fsl_common.c">
            <Filter>..\..\..\devices\MK66F18\drivers</Filter>
        </ClCompile>
        <ClCompile Include="..\..\..\devices\MK66F18\drivers\fsl_crc.c">
            <Filter>..\..\..\devices\MK66F18\drivers</Filter>
        </ClCompile>
        <ClCompile Include="..\..\..\devices\MK66F18\drivers\fsl_dac.c">
            <Filter>..\..\..\devices\MK66F18\drivers</Filter>
        </ClCompile>
        <ClCompile Include="..\..\..\devices\MK66F18\drivers\fsl_dmamux.c">
            <Filter>..\..\..\devices\MK66F18\drivers</Filter>
        </ClCompile>
        <ClCompile Include="..\..\..\devices\MK66F18\drivers\fsl_dspi.c">
            <Filter>..\..\..\devices\MK66F18\drivers</Filter>
        </ClCompile>
        <ClCompile Include="..\..\..\devices\MK66F18\drivers\fsl_dspi_edma.c">
            <Filter>..\..\..\devices\MK66F18\drivers</Filter>
        </ClCompile>
        <ClCompile Include="..\..\..\devices\MK66F18\drivers\fsl_edma.c">
            <Filter>..\..\..\devices\MK66F18\drivers</Filter>
        </ClCompile>
        <ClCompile Include="..\..\..\devices\MK66F18\drivers\fsl_enet.c">
            <Filter>..\..\..\devices\MK66F18\drivers</Filter>
        </ClCompile>
        <ClCompile Include="..\..\..\devices\MK66F18\drivers\fsl_ewm.c">
            <Filter>..\..\..\devices\MK66F18\drivers</Filter>
        </ClCompile>
        <ClCompile Include="..\..\..\devices\MK66F18\drivers\fsl_flexbus.c">
            <Filter>..\..\..\devices\MK66F18\drivers</Filter>
        </ClCompile>
        <ClCompile Include="..\..\..\devices\MK66F18\drivers\fsl_flexcan.c">
            <Filter>..\..\..\devices\MK66F18\drivers</Filter>
        </ClCompile>
        <ClCompile Include="..\..\..\devices\MK66F18\drivers\fsl_ftfx_cache.c">
            <Filter>..\..\..\devices\MK66F18\drivers</Filter>
        </ClCompile>
        <ClCompile Include="..\..\..\devices\MK66F18\drivers\fsl_ftfx_controller.c">
            <Filter>..\..\..\devices\MK66F18\drivers</Filter>
        </ClCompile>
        <ClCompile Include="..\..\..\devices\MK66F18\drivers\fsl_ftfx_flash.c">
            <Filter>..\..\..\devices\MK66F18\drivers</Filter>
        </ClCompile>
        <ClCompile Include="..\..\..\devices\MK66F18\drivers\fsl_ftfx_flexnvm.c">
            <Filter>..\..\..\devices\MK66F18\drivers</Filter>
        </ClCompile>
        <ClCompile Include="..\..\..\devices\MK66F18\drivers\fsl_ftm.c">
            <Filter>..\..\..\devices\MK66F18\drivers</Filter>
        </ClCompile>
        <ClCompile Include="..\..\..\devices\MK66F18\drivers\fsl_gpio.c">
            <Filter>..\..\..\devices\MK66F18\drivers</Filter>
        </ClCompile>
        <ClCompile Include="..\..\..\devices\MK66F18\drivers\fsl_i2c.c">
            <Filter>..\..\..\devices\MK66F18\drivers</Filter>
        </ClCompile>
        <ClCompile Include="..\..\..\devices\MK66F18\drivers\fsl_i2c_edma.c">
            <Filter>..\..\..\devices\MK66F18\drivers</Filter>
        </ClCompile>
        <ClCompile Include="..\..\..\devices\MK66F18\drivers\fsl_llwu.c">
            <Filter>..\..\..\devices\MK66F18\drivers</Filter>
        </ClCompile>
        <ClCompile Include="..\..\..\devices\MK66F18\drivers\fsl_lmem_cache.c">
            <Filter>..\..\..\devices\MK66F18\drivers</Filter>
        </ClCompile>
        <ClCompile Include="..\..\..\devices\MK66F18\drivers\fsl_lptmr.c">
            <Filter>..\..\..\devices\MK66F18\drivers</Filter>
        </ClCompile>
        <ClCompile Include="..\..\..\devices\MK66F18\drivers\fsl_lpuart.c">
            <Filter>..\..\..\devices\MK66F18\drivers</Filter>
        </ClCompile>
        <ClCompile Include="..\..\..\devices\MK66F18\drivers\fsl_lpuart_edma.c">
            <Filter>..\..\..\devices\MK66F18\drivers</Filter>
        </ClCompile>
        <ClCompile Include="..\..\..\devices\MK66F18\drivers\fsl_pdb.c">
            <Filter>..\..\..\devices\MK66F18\drivers</Filter>
        </ClCompile>
        <ClCompile Include="..\..\..\devices\MK66F18\drivers\fsl_pit.c">
            <Filter>..\..\..\devices\MK66F18\drivers</Filter>
        </ClCompile>
        <ClCompile Include="..\..\..\devices\MK66F18\drivers\fsl_pmc.c">
            <Filter>..\..\..\devices\MK66F18\drivers</Filter>
        </ClCompile>
        <ClCompile Include="..\..\..\devices\MK66F18\drivers\fsl_rcm.c">
            <Filter>..\..\..\devices\MK66F18\drivers</Filter>
        </ClCompile>
        <ClCompile Include="..\..\..\devices\MK66F18\drivers\fsl_rnga.c">
            <Filter>..\..\..\devices\MK66F18\drivers</Filter>
        </ClCompile>
        <ClCompile Include="..\..\..\devices\MK66F18\drivers\fsl_rtc.c">
            <Filter>..\..\..\devices\MK66F18\drivers</Filter>
        </ClCompile>
        <ClCompile Include="..\..\..\devices\MK66F18\drivers\fsl_sai.c">
            <Filter>..\..\..\devices\MK66F18\drivers</Filter>
        </ClCompile>
        <ClCompile Include="..\..\..\devices\MK66F18\drivers\fsl_sai_edma.c">
            <Filter>..\..\..\devices\MK66F18\drivers</Filter>
        </ClCompile>
        <ClCompile Include="..\..\..\devices\MK66F18\drivers\fsl_sdhc.c">
            <Filter>..\..\..\devices\MK66F18\drivers</Filter>
        </ClCompile>
        <ClCompile Include="..\..\..\devices\MK66F18\drivers\fsl_sdramc.c">
            <Filter>..\..\..\devices\MK66F18\drivers</Filter>
        </ClCompile>
        <ClCompile Include="..\..\..\devices\MK66F18\drivers\fsl_sim.c">
            <Filter>..\..\..\devices\MK66F18\drivers</Filter>
        </ClCompile>
        <ClCompile Include="..\..\..\devices\MK66F18\drivers\fsl_smc.c">
            <Filter>..\..\..\devices\MK66F18\drivers</Filter>
        </ClCompile>
        <ClCompile Include="..\..\..\devices\MK66F18\drivers\fsl_sysmpu.c">
            <Filter>..\..\..\devices\MK66F18\drivers</Filter>
        </ClCompile>
        <ClCompile Include="..\..\..\devices\MK66F18\drivers\fsl_tpm.c">
            <Filter>..\..\..\devices\MK66F18\drivers</Filter>
        </ClCompile>
        <ClCompile Include="..\..\..\devices\MK66F18\drivers\fsl_tsi_v4.c">
            <Filter>..\..\..\devices\MK66F18\drivers</Filter>
        </ClCompile>
        <ClCompile Include="..\..\..\devices\MK66F18\drivers\fsl_uart.c">
            <Filter>..\..\..\devices\MK66F18\drivers</Filter>
        </ClCompile>
        <ClCompile Include="..\..\..\devices\MK66F18\drivers\fsl_uart_edma.c">
            <Filter>..\..\..\devices\MK66F18\drivers</Filter>
        </ClCompile>
        <ClCompile Include="..\..\..\devices\MK66F18\drivers\fsl_vref.c">
            <Filter>..\..\..\devices\MK66F18\drivers</Filter>
        </ClCompile>
        <ClCompile Include="..\..\..\devices\MK66F18\drivers\fsl_wdog.c">
            <Filter>..\..\..\devices\MK66F18\drivers</Filter>
        </ClCompile>
        <ClCompile Include="..\..\..\devices\MK66F18\utilities\fsl_assert.c">
            <Filter>..\..\..\devices\MK66F18\utilities</Filter>
        </ClCompile>
        <ClCompile Include="..\..\..\devices\MK66F18\utilities\debug_console\fsl_debug_console.c">
            <Filter>..\..\..\devices\MK66F18\utilities\debug_console</Filter>
        </ClCompile>
        <ClCompile Include="..\..\..\devices\MK66F18\utilities\fsl_notifier.c">
            <Filter>..\..\..\devices\MK66F18\utilities</Filter>
        </ClCompile>
        <ClCompile Include="..\..\..\devices\MK66F18\utilities\fsl_shell.c">
            <Filter>..\..\..\devices\MK66F18\utilities</Filter>
        </ClCompile>
        <ClCompile Include="..\..\..\devices\MK66F18\utilities\str\fsl_str.c">
            <Filter>..\..\..\devices\MK66F18\utilities\str</Filter>
        </ClCompile>
        <ClCompile Include="..\..\..\devices\MK66F18\system_MK66F18.c">
            <Filter>..\..\..\devices\MK66F18</Filter>
        </ClCompile>
        <ClCompile Include="..\..\..\HITSIC\d_mk66f18\extlib_port\EasyFlash-4.0.0\easyflash\port\ef_port.c">
            <Filter>..\..\..\HITSIC\d_mk66f18\extlib_port\EasyFlash-4.0.0\easyflash\port</Filter>
        </ClCompile>
        <ClCompile Include="..\..\..\HITSIC\d_mk66f18\legacy_drivers\drv_cam.c">
            <Filter>..\..\..\HITSIC\d_mk66f18\legacy_drivers</Filter>
        </ClCompile>
        <ClCompile Include="..\..\..\HITSIC\d_mk66f18\legacy_drivers\SmartCar_ADC.c">
            <Filter>..\..\..\HITSIC\d_mk66f18\legacy_drivers</Filter>
        </ClCompile>
        <ClCompile Include="..\..\..\HITSIC\d_mk66f18\legacy_drivers\SmartCar_Ftm.c">
            <Filter>..\..\..\HITSIC\d_mk66f18\legacy_drivers</Filter>
        </ClCompile>
        <ClCompile Include="..\..\..\HITSIC\d_mk66f18\legacy_drivers\SmartCar_Upload.c">
            <Filter>..\..\..\HITSIC\d_mk66f18\legacy_drivers</Filter>
        </ClCompile>
        <ClCompile Include="..\..\..\HITSIC\d_mk66f18\legacy_drivers\SmartCar_Wdog.c">
            <Filter>..\..\..\HITSIC\d_mk66f18\legacy_drivers</Filter>
        </ClCompile>
        <ClCompile Include="..\..\..\HITSIC\d_mk66f18\hitsic_common.c">
            <Filter>..\..\..\HITSIC\d_mk66f18</Filter>
        </ClCompile>
        <ClCompile Include="..\..\..\HITSIC\d_mk66f18\hitsic_hal.c">
            <Filter>..\..\..\HITSIC\d_mk66f18</Filter>
        </ClCompile>
        <ClCompile Include="..\..\..\HITSIC\utilities\app\app_menu.c">
            <Filter>..\..\..\HITSIC\utilities\app</Filter>
        </ClCompile>
        <ClCompile Include="..\..\..\HITSIC\utilities\app\app_menu_button.c">
            <Filter>..\..\..\HITSIC\utilities\app</Filter>
        </ClCompile>
        <ClCompile Include="..\..\..\HITSIC\utilities\app\app_menu_nvm.c">
            <Filter>..\..\..\HITSIC\utilities\app</Filter>
        </ClCompile>
        <ClCompile Include="..\..\..\HITSIC\utilities\app\app_menu_type.c">
            <Filter>..\..\..\HITSIC\utilities\app</Filter>
        </ClCompile>
        <ClCompile Include="..\..\..\HITSIC\utilities\drv\drv_button.c">
            <Filter>..\..\..\HITSIC\utilities\drv</Filter>
        </ClCompile>
        <ClCompile Include="..\..\..\HITSIC\utilities\drv\drv_disp_ssd1306.c">
            <Filter>..\..\..\HITSIC\utilities\drv</Filter>
        </ClCompile>
        <ClCompile Include="..\..\..\HITSIC\utilities\drv\drv_ftfx_flash.c">
            <Filter>..\..\..\HITSIC\utilities\drv</Filter>
        </ClCompile>
        <ClCompile Include="..\..\..\HITSIC\utilities\drv\drv_imu_invensense.c">
            <Filter>..\..\..\HITSIC\utilities\drv</Filter>
        </ClCompile>
        <ClCompile Include="..\..\..\HITSIC\utilities\extlib\cm_backtrace\cmb_1.3.0\cm_backtrace.c">
            <Filter>..\..\..\HITSIC\utilities\extlib\cm_backtrace\cmb_1.3.0</Filter>
        </ClCompile>
        <ClCompile Include="..\..\..\HITSIC\utilities\extlib\EasyFlash-4.0.0\easyflash\plugins\types\struct2json\src\cJSON.c">
            <Filter>..\..\..\HITSIC\utilities\extlib\EasyFlash-4.0.0\easyflash\plugins\types\struct2json\src</Filter>
        </ClCompile>
        <ClCompile Include="..\..\..\HITSIC\utilities\extlib\EasyFlash-4.0.0\easyflash\src\easyflash.c">
            <Filter>..\..\..\HITSIC\utilities\extlib\EasyFlash-4.0.0\easyflash\src</Filter>
        </ClCompile>
        <ClCompile Include="..\..\..\HITSIC\utilities\extlib\EasyFlash-4.0.0\easyflash\src\ef_env.c">
            <Filter>..\..\..\HITSIC\utilities\extlib\EasyFlash-4.0.0\easyflash\src</Filter>
        </ClCompile>
        <ClCompile Include="..\..\..\HITSIC\utilities\extlib\EasyFlash-4.0.0\easyflash\src\ef_env_legacy.c">
            <Filter>..\..\..\HITSIC\utilities\extlib\EasyFlash-4.0.0\easyflash\src</Filter>
        </ClCompile>
        <ClCompile Include="..\..\..\HITSIC\utilities\extlib\EasyFlash-4.0.0\easyflash\src\ef_env_legacy_wl.c">
            <Filter>..\..\..\HITSIC\utilities\extlib\EasyFlash-4.0.0\easyflash\src</Filter>
        </ClCompile>
        <ClCompile Include="..\..\..\HITSIC\utilities\extlib\EasyFlash-4.0.0\easyflash\src\ef_iap.c">
            <Filter>..\..\..\HITSIC\utilities\extlib\EasyFlash-4.0.0\easyflash\src</Filter>
        </ClCompile>
        <ClCompile Include="..\..\..\HITSIC\utilities\extlib\EasyFlash-4.0.0\easyflash\src\ef_log.c">
            <Filter>..\..\..\HITSIC\utilities\extlib\EasyFlash-4.0.0\easyflash\src</Filter>
        </ClCompile>
        <ClCompile Include="..\..\..\HITSIC\utilities\extlib\EasyFlash-4.0.0\easyflash\plugins\types\ef_types.c">
            <Filter>..\..\..\HITSIC\utilities\extlib\EasyFlash-4.0.0\easyflash\plugins\types</Filter>
        </ClCompile>
        <ClCompile Include="..\..\..\HITSIC\utilities\extlib\EasyFlash-4.0.0\easyflash\src\ef_utils.c">
            <Filter>..\..\..\HITSIC\utilities\extlib\EasyFlash-4.0.0\easyflash\src</Filter>
        </ClCompile>
        <ClCompile Include="..\..\..\HITSIC\utilities\extlib\EasyFlash-4.0.0\easyflash\plugins\types\struct2json\src\s2j.c">
            <Filter>..\..\..\HITSIC\utilities\extlib\EasyFlash-4.0.0\easyflash\plugins\types\struct2json\src</Filter>
        </ClCompile>
        <ClCompile Include="..\..\..\HITSIC\utilities\lib\lib_list.c">
            <Filter>..\..\..\HITSIC\utilities\lib</Filter>
        </ClCompile>
        <ClCompile Include="..\..\..\HITSIC\utilities\rte\rte_i2c.c">
            <Filter>..\..\..\HITSIC\utilities\rte</Filter>
        </ClCompile>
        <ClCompile Include="..\..\..\HITSIC\utilities\rte\rte_softi2c.c">
            <Filter>..\..\..\HITSIC\utilities\rte</Filter>
        </ClCompile>
        <ClCompile Include="..\..\..\HITSIC\utilities\rte\rte_spi.c">
            <Filter>..\..\..\HITSIC\utilities\rte</Filter>
        </ClCompile>
        <ClCompile Include="..\..\..\HITSIC\utilities\rte\rte_uart.c">
            <Filter>..\..\..\HITSIC\utilities\rte</Filter>
        </ClCompile>
        <ClCompile Include="..\..\..\HITSIC\utilities\sys\sys_extint.c">
            <Filter>..\..\..\HITSIC\utilities\sys</Filter>
        </ClCompile>
        <ClCompile Include="..\..\..\HITSIC\utilities\sys\sys_pitmgr.c">
            <Filter>..\..\..\HITSIC\utilities\sys</Filter>
        </ClCompile>
        <ClCompile Include="..\..\..\HITSIC\utilities\sys\sys_uartmgr.c">
            <Filter>..\..\..\HITSIC\utilities\sys</Filter>
        </ClCompile>
        <ClCompile Include="..\main\main.c">
            <Filter>..\main</Filter>
        </ClCompile>
        <ClCompile Include="..\main\stdafx.c">
            <Filter>..\main</Filter>
        </ClCompile>
    </ItemGroup>
    <ItemGroup>
        <ClInclude Include="..\board\board.h">
            <Filter>..\board</Filter>
        </ClInclude>
        <ClInclude Include="..\board\clock_config.h">
            <Filter>..\board</Filter>
        </ClInclude>
        <ClInclude Include="..\board\peripherals.h">
            <Filter>..\board</Filter>
        </ClInclude>
        <ClInclude Include="..\board\pin_mux.h">
            <Filter>..\board</Filter>
        </ClInclude>
        <ClInclude Include="..\..\..\CMSIS_5.6.0\Core\Include\cmsis_armcc.h">
            <Filter>..\..\..\CMSIS_5.6.0\Core\Include</Filter>
        </ClInclude>
        <ClInclude Include="..\..\..\CMSIS_5.6.0\Core\Include\cmsis_armclang.h">
            <Filter>..\..\..\CMSIS_5.6.0\Core\Include</Filter>
        </ClInclude>
        <ClInclude Include="..\..\..\CMSIS_5.6.0\Core\Include\cmsis_armclang_ltm.h">
            <Filter>..\..\..\CMSIS_5.6.0\Core\Include</Filter>
        </ClInclude>
        <ClInclude Include="..\..\..\CMSIS_5.6.0\Core\Include\cmsis_compiler.h">
            <Filter>..\..\..\CMSIS_5.6.0\Core\Include</Filter>
        </ClInclude>
        <ClInclude Include="..\..\..\CMSIS_5.6.0\Core\Include\cmsis_gcc.h">
            <Filter>..\..\..\CMSIS_5.6.0\Core\Include</Filter>
        </ClInclude>
        <ClInclude Include="..\..\..\CMSIS_5.6.0\Core\Include\cmsis_iccarm.h">
            <Filter>..\..\..\CMSIS_5.6.0\Core\Include</Filter>
        </ClInclude>
        <ClInclude Include="..\..\..\CMSIS_5.6.0\Core\Include\cmsis_version.h">
            <Filter>..\..\..\CMSIS_5.6.0\Core\Include</Filter>
        </ClInclude>
        <ClInclude Include="..\..\..\CMSIS_5.6.0\Core\Include\core_cm4.h">
            <Filter>..\..\..\CMSIS_5.6.0\Core\Include</Filter>
        </ClInclude>
        <ClInclude Include="..\..\..\CMSIS_5.6.0\Core\Include\mpu_armv7.h">
            <Filter>..\..\..\CMSIS_5.6.0\Core\Include</Filter>
        </ClInclude>
        <ClInclude Include="..\..\..\CMSIS_5.6.0\Core\Include\tz_context.h">
            <Filter>..\..\..\CMSIS_5.6.0\Core\Include</Filter>
        </ClInclude>
        <ClInclude Include="..\..\..\CMSIS_5.6.0\DSP\Include\arm_common_tables.h">
            <Filter>..\..\..\CMSIS_5.6.0\DSP\Include</Filter>
        </ClInclude>
        <ClInclude Include="..\..\..\CMSIS_5.6.0\DSP\Include\arm_const_structs.h">
            <Filter>..\..\..\CMSIS_5.6.0\DSP\Include</Filter>
        </ClInclude>
        <ClInclude Include="..\..\..\CMSIS_5.6.0\DSP\Include\arm_math.h">
            <Filter>..\..\..\CMSIS_5.6.0\DSP\Include</Filter>
        </ClInclude>
        <ClInclude Include="..\..\..\CMSIS_5.6.0\NN\Include\arm_nn_tables.h">
            <Filter>..\..\..\CMSIS_5.6.0\NN\Include</Filter>
        </ClInclude>
        <ClInclude Include="..\..\..\CMSIS_5.6.0\NN\Include\arm_nnfunctions.h">
            <Filter>..\..\..\CMSIS_5.6.0\NN\Include</Filter>
        </ClInclude>
        <ClInclude Include="..\..\..\CMSIS_5.6.0\NN\Include\arm_nnsupportfunctions.h">
            <Filter>..\..\..\CMSIS_5.6.0\NN\Include</Filter>
        </ClInclude>
        <ClInclude Include="..\..\..\components\lists\generic_list.h">
            <Filter>..\..\..\components\lists</Filter>
        </ClInclude>
        <ClInclude Include="..\..\..\components\serial_manager\serial_manager.h">
            <Filter>..\..\..\components\serial_manager</Filter>
        </ClInclude>
        <ClInclude Include="..\..\..\components\serial_manager\serial_port_internal.h">
            <Filter>..\..\..\components\serial_manager</Filter>
        </ClInclude>
        <ClInclude Include="..\..\..\components\serial_manager\serial_port_swo.h">
            <Filter>..\..\..\components\serial_manager</Filter>
        </ClInclude>
        <ClInclude Include="..\..\..\components\serial_manager\serial_port_uart.h">
            <Filter>..\..\..\components\serial_manager</Filter>
        </ClInclude>
        <ClInclude Include="..\..\..\components\uart\uart.h">
            <Filter>..\..\..\components\uart</Filter>
        </ClInclude>
        <ClInclude Include="..\..\..\devices\MK66F18\drivers\fsl_adc16.h">
            <Filter>..\..\..\devices\MK66F18\drivers</Filter>
        </ClInclude>
        <ClInclude Include="..\..\..\devices\MK66F18\drivers\fsl_cache.h">
            <Filter>..\..\..\devices\MK66F18\drivers</Filter>
        </ClInclude>
        <ClInclude Include="..\..\..\devices\MK66F18\drivers\fsl_clock.h">
            <Filter>..\..\..\devices\MK66F18\drivers</Filter>
        </ClInclude>
        <ClInclude Include="..\..\..\devices\MK66F18\drivers\fsl_cmp.h">
            <Filter>..\..\..\devices\MK66F18\drivers</Filter>
        </ClInclude>
        <ClInclude Include="..\..\..\devices\MK66F18\drivers\fsl_cmt.h">
            <Filter>..\..\..\devices\MK66F18\drivers</Filter>
        </ClInclude>
        <ClInclude Include="..\..\..\devices\MK66F18\drivers\fsl_common.h">
            <Filter>..\..\..\devices\MK66F18\drivers</Filter>
        </ClInclude>
        <ClInclude Include="..\..\..\devices\MK66F18\drivers\fsl_crc.h">
            <Filter>..\..\..\devices\MK66F18\drivers</Filter>
        </ClInclude>
        <ClInclude Include="..\..\..\devices\MK66F18\drivers\fsl_dac.h">
            <Filter>..\..\..\devices\MK66F18\drivers</Filter>
        </ClInclude>
        <ClInclude Include="..\..\..\devices\MK66F18\drivers\fsl_dmamux.h">
            <Filter>..\..\..\devices\MK66F18\drivers</Filter>
        </ClInclude>
        <ClInclude Include="..\..\..\devices\MK66F18\drivers\fsl_dspi.h">
            <Filter>..\..\..\devices\MK66F18\drivers</Filter>
        </ClInclude>
        <ClInclude Include="..\..\..\devices\MK66F18\drivers\fsl_dspi_edma.h">
            <Filter>..\..\..\devices\MK66F18\drivers</Filter>
        </ClInclude>
        <ClInclude Include="..\..\..\devices\MK66F18\drivers\fsl_edma.h">
            <Filter>..\..\..\devices\MK66F18\drivers</Filter>
        </ClInclude>
        <ClInclude Include="..\..\..\devices\MK66F18\drivers\fsl_enet.h">
            <Filter>..\..\..\devices\MK66F18\drivers</Filter>
        </ClInclude>
        <ClInclude Include="..\..\..\devices\MK66F18\drivers\fsl_ewm.h">
            <Filter>..\..\..\devices\MK66F18\drivers</Filter>
        </ClInclude>
        <ClInclude Include="..\..\..\devices\MK66F18\drivers\fsl_flash.h">
            <Filter>..\..\..\devices\MK66F18\drivers</Filter>
        </ClInclude>
        <ClInclude Include="..\..\..\devices\MK66F18\drivers\fsl_flexbus.h">
            <Filter>..\..\..\devices\MK66F18\drivers</Filter>
        </ClInclude>
        <ClInclude Include="..\..\..\devices\MK66F18\drivers\fsl_flexcan.h">
            <Filter>..\..\..\devices\MK66F18\drivers</Filter>
        </ClInclude>
        <ClInclude Include="..\..\..\devices\MK66F18\drivers\fsl_ftfx_adapter.h">
            <Filter>..\..\..\devices\MK66F18\drivers</Filter>
        </ClInclude>
        <ClInclude Include="..\..\..\devices\MK66F18\drivers\fsl_ftfx_cache.h">
            <Filter>..\..\..\devices\MK66F18\drivers</Filter>
        </ClInclude>
        <ClInclude Include="..\..\..\devices\MK66F18\drivers\fsl_ftfx_controller.h">
            <Filter>..\..\..\devices\MK66F18\drivers</Filter>
        </ClInclude>
        <ClInclude Include="..\..\..\devices\MK66F18\drivers\fsl_ftfx_features.h">
            <Filter>..\..\..\devices\MK66F18\drivers</Filter>
        </ClInclude>
        <ClInclude Include="..\..\..\devices\MK66F18\drivers\fsl_ftfx_flash.h">
            <Filter>..\..\..\devices\MK66F18\drivers</Filter>
        </ClInclude>
        <ClInclude Include="..\..\..\devices\MK66F18\drivers\fsl_ftfx_flexnvm.h">
            <Filter>..\..\..\devices\MK66F18\drivers</Filter>
        </ClInclude>
        <ClInclude Include="..\..\..\devices\MK66F18\drivers\fsl_ftfx_utilities.h">
            <Filter>..\..\..\devices\MK66F18\drivers</Filter>
        </ClInclude>
        <ClInclude Include="..\..\..\devices\MK66F18\drivers\fsl_ftm.h">
            <Filter>..\..\..\devices\MK66F18\drivers</Filter>
        </ClInclude>
        <ClInclude Include="..\..\..\devices\MK66F18\drivers\fsl_gpio.h">
            <Filter>..\..\..\devices\MK66F18\drivers</Filter>
        </ClInclude>
        <ClInclude Include="..\..\..\devices\MK66F18\drivers\fsl_i2c.h">
            <Filter>..\..\..\devices\MK66F18\drivers</Filter>
        </ClInclude>
        <ClInclude Include="..\..\..\devices\MK66F18\drivers\fsl_i2c_edma.h">
            <Filter>..\..\..\devices\MK66F18\drivers</Filter>
        </ClInclude>
        <ClInclude Include="..\..\..\devices\MK66F18\drivers\fsl_llwu.h">
            <Filter>..\..\..\devices\MK66F18\drivers</Filter>
        </ClInclude>
        <ClInclude Include="..\..\..\devices\MK66F18\drivers\fsl_lmem_cache.h">
            <Filter>..\..\..\devices\MK66F18\drivers</Filter>
        </ClInclude>
        <ClInclude Include="..\..\..\devices\MK66F18\drivers\fsl_lptmr.h">
            <Filter>..\..\..\devices\MK66F18\drivers</Filter>
        </ClInclude>
        <ClInclude Include="..\..\..\devices\MK66F18\drivers\fsl_lpuart.h">
            <Filter>..\..\..\devices\MK66F18\drivers</Filter>
        </ClInclude>
        <ClInclude Include="..\..\..\devices\MK66F18\drivers\fsl_lpuart_edma.h">
            <Filter>..\..\..\devices\MK66F18\drivers</Filter>
        </ClInclude>
        <ClInclude Include="..\..\..\devices\MK66F18\drivers\fsl_pdb.h">
            <Filter>..\..\..\devices\MK66F18\drivers</Filter>
        </ClInclude>
        <ClInclude Include="..\..\..\devices\MK66F18\drivers\fsl_pit.h">
            <Filter>..\..\..\devices\MK66F18\drivers</Filter>
        </ClInclude>
        <ClInclude Include="..\..\..\devices\MK66F18\drivers\fsl_pmc.h">
            <Filter>..\..\..\devices\MK66F18\drivers</Filter>
        </ClInclude>
        <ClInclude Include="..\..\..\devices\MK66F18\drivers\fsl_port.h">
            <Filter>..\..\..\devices\MK66F18\drivers</Filter>
        </ClInclude>
        <ClInclude Include="..\..\..\devices\MK66F18\drivers\fsl_rcm.h">
            <Filter>..\..\..\devices\MK66F18\drivers</Filter>
        </ClInclude>
        <ClInclude Include="..\..\..\devices\MK66F18\drivers\fsl_rnga.h">
            <Filter>..\..\..\devices\MK66F18\drivers</Filter>
        </ClInclude>
        <ClInclude Include="..\..\..\devices\MK66F18\drivers\fsl_rtc.h">
            <Filter>..\..\..\devices\MK66F18\drivers</Filter>
        </ClInclude>
        <ClInclude Include="..\..\..\devices\MK66F18\drivers\fsl_sai.h">
            <Filter>..\..\..\devices\MK66F18\drivers</Filter>
        </ClInclude>
        <ClInclude Include="..\..\..\devices\MK66F18\drivers\fsl_sai_edma.h">
            <Filter>..\..\..\devices\MK66F18\drivers</Filter>
        </ClInclude>
        <ClInclude Include="..\..\..\devices\MK66F18\drivers\fsl_sdhc.h">
            <Filter>..\..\..\devices\MK66F18\drivers</Filter>
        </ClInclude>
        <ClInclude Include="..\..\..\devices\MK66F18\drivers\fsl_sdramc.h">
            <Filter>..\..\..\devices\MK66F18\drivers</Filter>
        </ClInclude>
        <ClInclude Include="..\..\..\devices\MK66F18\drivers\fsl_sim.h">
            <Filter>..\..\..\devices\MK66F18\drivers</Filter>
        </ClInclude>
        <ClInclude Include="..\..\..\devices\MK66F18\drivers\fsl_smc.h">
            <Filter>..\..\..\devices\MK66F18\drivers</Filter>
        </ClInclude>
        <ClInclude Include="..\..\..\devices\MK66F18\drivers\fsl_sysmpu.h">
            <Filter>..\..\..\devices\MK66F18\drivers</Filter>
        </ClInclude>
        <ClInclude Include="..\..\..\devices\MK66F18\drivers\fsl_tpm.h">
            <Filter>..\..\..\devices\MK66F18\drivers</Filter>
        </ClInclude>
        <ClInclude Include="..\..\..\devices\MK66F18\drivers\fsl_tsi_v4.h">
            <Filter>..\..\..\devices\MK66F18\drivers</Filter>
        </ClInclude>
        <ClInclude Include="..\..\..\devices\MK66F18\drivers\fsl_uart.h">
            <Filter>..\..\..\devices\MK66F18\drivers</Filter>
        </ClInclude>
        <ClInclude Include="..\..\..\devices\MK66F18\drivers\fsl_uart_edma.h">
            <Filter>..\..\..\devices\MK66F18\drivers</Filter>
        </ClInclude>
        <ClInclude Include="..\..\..\devices\MK66F18\drivers\fsl_vref.h">
            <Filter>..\..\..\devices\MK66F18\drivers</Filter>
        </ClInclude>
        <ClInclude Include="..\..\..\devices\MK66F18\drivers\fsl_wdog.h">
            <Filter>..\..\..\devices\MK66F18\drivers</Filter>
        </ClInclude>
        <ClInclude Include="..\..\..\devices\MK66F18\utilities\debug_console\fsl_debug_console.h">
            <Filter>..\..\..\devices\MK66F18\utilities\debug_console</Filter>
        </ClInclude>
        <ClInclude Include="..\..\..\devices\MK66F18\utilities\debug_console\fsl_debug_console_conf.h">
            <Filter>..\..\..\devices\MK66F18\utilities\debug_console</Filter>
        </ClInclude>
        <ClInclude Include="..\..\..\devices\MK66F18\utilities\fsl_notifier.h">
            <Filter>..\..\..\devices\MK66F18\utilities</Filter>
        </ClInclude>
        <ClInclude Include="..\..\..\devices\MK66F18\utilities\fsl_shell.h">
            <Filter>..\..\..\devices\MK66F18\utilities</Filter>
        </ClInclude>
        <ClInclude Include="..\..\..\devices\MK66F18\utilities\str\fsl_str.h">
            <Filter>..\..\..\devices\MK66F18\utilities\str</Filter>
        </ClInclude>
        <ClInclude Include="..\..\..\devices\MK66F18\fsl_device_registers.h">
            <Filter>..\..\..\devices\MK66F18</Filter>
        </ClInclude>
        <ClInclude Include="..\..\..\devices\MK66F18\MK66F18.h">
            <Filter>..\..\..\devices\MK66F18</Filter>
        </ClInclude>
        <ClInclude Include="..\..\..\devices\MK66F18\MK66F18_features.h">
            <Filter>..\..\..\devices\MK66F18</Filter>
        </ClInclude>
        <ClInclude Include="..\..\..\devices\MK66F18\system_MK66F18.h">
            <Filter>..\..\..\devices\MK66F18</Filter>
        </ClInclude>
        <ClInclude Include="..\..\..\HITSIC\d_mk66f18\extlib_port\cm_backtrace\cmb_1.3.0\cmb_cfg.h">
            <Filter>..\..\..\HITSIC\d_mk66f18\extlib_port\cm_backtrace\cmb_1.3.0</Filter>
        </ClInclude>
        <ClInclude Include="..\..\..\HITSIC\d_mk66f18\extlib_port\cm_backtrace\cmb_1.3.0\cmb_def.h">
            <Filter>..\..\..\HITSIC\d_mk66f18\extlib_port\cm_backtrace\cmb_1.3.0</Filter>
        </ClInclude>
        <ClInclude Include="..\..\..\HITSIC\d_mk66f18\extlib_port\EasyFlash-4.0.0\easyflash\port\ef_cfg.h">
            <Filter>..\..\..\HITSIC\d_mk66f18\extlib_port\EasyFlash-4.0.0\easyflash\port</Filter>
        </ClInclude>
        <ClInclude Include="..\..\..\HITSIC\d_mk66f18\legacy_drivers\drv_cam.h">
            <Filter>..\..\..\HITSIC\d_mk66f18\legacy_drivers</Filter>
        </ClInclude>
        <ClInclude Include="..\..\..\HITSIC\d_mk66f18\legacy_drivers\SmartCar_ADC.h">
            <Filter>..\..\..\HITSIC\d_mk66f18\legacy_drivers</Filter>
        </ClInclude>
        <ClInclude Include="..\..\..\HITSIC\d_mk66f18\legacy_drivers\SmartCar_Ftm.h">
            <Filter>..\..\..\HITSIC\d_mk66f18\legacy_drivers</Filter>
        </ClInclude>
        <ClInclude Include="..\..\..\HITSIC\d_mk66f18\legacy_drivers\SmartCar_Upload.h">
            <Filter>..\..\..\HITSIC\d_mk66f18\legacy_drivers</Filter>
        </ClInclude>
        <ClInclude Include="..\..\..\HITSIC\d_mk66f18\legacy_drivers\SmartCar_Wdog.h">
            <Filter>..\..\..\HITSIC\d_mk66f18\legacy_drivers</Filter>
        </ClInclude>
        <ClInclude Include="..\..\..\HITSIC\d_mk66f18\hitsic_common.h">
            <Filter>..\..\..\HITSIC\d_mk66f18</Filter>
        </ClInclude>
        <ClInclude Include="..\..\..\HITSIC\d_mk66f18\hitsic_def.h">
            <Filter>..\..\..\HITSIC\d_mk66f18</Filter>
        </ClInclude>
        <ClInclude Include="..\..\..\HITSIC\d_mk66f18\hitsic_hal.h">
            <Filter>..\..\..\HITSIC\d_mk66f18</Filter>
        </ClInclude>
        <ClInclude Include="..\..\..\HITSIC\d_mk66f18\inc_fsl_mk66f18.h">
            <Filter>..\..\..\HITSIC\d_mk66f18</Filter>
        </ClInclude>
        <ClInclude Include="..\..\..\HITSIC\utilities\app\app_menu.h">
            <Filter>..\..\..\HITSIC\utilities\app</Filter>
        </ClInclude>
        <ClInclude Include="..\..\..\HITSIC\utilities\app\app_menu_button.h">
            <Filter>..\..\..\HITSIC\utilities\app</Filter>
        </ClInclude>
        <ClInclude Include="..\..\..\HITSIC\utilities\app\app_menu_nvm.h">
            <Filter>..\..\..\HITSIC\utilities\app</Filter>
        </ClInclude>
        <ClInclude Include="..\..\..\HITSIC\utilities\app\app_menu_type.h">
            <Filter>..\..\..\HITSIC\utilities\app</Filter>
        </ClInclude>
        <ClInclude Include="..\..\..\HITSIC\utilities\drv\drv_button.h">
            <Filter>..\..\..\HITSIC\utilities\drv</Filter>
        </ClInclude>
        <ClInclude Include="..\..\..\HITSIC\utilities\drv\drv_disp_ssd1306.h">
            <Filter>..\..\..\HITSIC\utilities\drv</Filter>
        </ClInclude>
        <ClInclude Include="..\..\..\HITSIC\utilities\drv\drv_ftfx_flash.h">
            <Filter>..\..\..\HITSIC\utilities\drv</Filter>
        </ClInclude>
        <ClInclude Include="..\..\..\HITSIC\utilities\drv\drv_imu_invensense.h">
            <Filter>..\..\..\HITSIC\utilities\drv</Filter>
        </ClInclude>
        <ClInclude Include="..\..\..\HITSIC\utilities\extlib\cm_backtrace\cmb_1.3.0\cm_backtrace.h">
            <Filter>..\..\..\HITSIC\utilities\extlib\cm_backtrace\cmb_1.3.0</Filter>
        </ClInclude>
        <ClInclude Include="..\..\..\HITSIC\utilities\extlib\EasyFlash-4.0.0\easyflash\plugins\types\struct2json\inc\cJSON.h">
            <Filter>..\..\..\HITSIC\utilities\extlib\EasyFlash-4.0.0\easyflash\plugins\types\struct2json\inc</Filter>
        </ClInclude>
        <ClInclude Include="..\..\..\HITSIC\utilities\extlib\EasyFlash-4.0.0\easyflash\inc\easyflash.h">
            <Filter>..\..\..\HITSIC\utilities\extlib\EasyFlash-4.0.0\easyflash\inc</Filter>
        </ClInclude>
        <ClInclude Include="..\..\..\HITSIC\utilities\extlib\EasyFlash-4.0.0\easyflash\plugins\types\ef_types.h">
            <Filter>..\..\..\HITSIC\utilities\extlib\EasyFlash-4.0.0\easyflash\plugins\types</Filter>
        </ClInclude>
        <ClInclude Include="..\..\..\HITSIC\utilities\extlib\EasyFlash-4.0.0\easyflash\plugins\types\struct2json\inc\s2j.h">
            <Filter>..\..\..\HITSIC\utilities\extlib\EasyFlash-4.0.0\easyflash\plugins\types\struct2json\inc</Filter>
        </ClInclude>
        <ClInclude Include="..\..\..\HITSIC\utilities\extlib\EasyFlash-4.0.0\easyflash\plugins\types\struct2json\inc\s2jdef.h">
            <Filter>..\..\..\HITSIC\utilities\extlib\EasyFlash-4.0.0\easyflash\plugins\types\struct2json\inc</Filter>
        </ClInclude>
        <ClInclude Include="..\..\..\HITSIC\utilities\lib\lib_list.h">
            <Filter>..\..\..\HITSIC\utilities\lib</Filter>
        </ClInclude>
        <ClInclude Include="..\..\..\HITSIC\utilities\rte\rte_i2c.h">
            <Filter>..\..\..\HITSIC\utilities\rte</Filter>
        </ClInclude>
        <ClInclude Include="..\..\..\HITSIC\utilities\rte\rte_softi2c.h">
            <Filter>..\..\..\HITSIC\utilities\rte</Filter>
        </ClInclude>
        <ClInclude Include="..\..\..\HITSIC\utilities\rte\rte_spi.h">
            <Filter>..\..\..\HITSIC\utilities\rte</Filter>
        </ClInclude>
        <ClInclude Include="..\..\..\HITSIC\utilities\rte\rte_uart.h">
            <Filter>..\..\..\HITSIC\utilities\rte</Filter>
        </ClInclude>
        <ClInclude Include="..\..\..\HITSIC\utilities\sys\sys_extint.h">
            <Filter>..\..\..\HITSIC\utilities\sys</Filter>
        </ClInclude>
        <ClInclude Include="..\..\..\HITSIC\utilities\sys\sys_pitmgr.h">
            <Filter>..\..\..\HITSIC\utilities\sys</Filter>
        </ClInclude>
        <ClInclude Include="..\..\..\HITSIC\utilities\sys\sys_uartmgr.h">
            <Filter>..\..\..\HITSIC\utilities\sys</Filter>
        </ClInclude>
        <ClInclude Include="..\main\inc_generic.h">
            <Filter>..\main</Filter>
        </ClInclude>
        <ClInclude Include="..\main\inc_stdlib.h">
            <Filter>..\main</Filter>
        </ClInclude>
        <ClInclude Include="..\main\stdafx.h">
            <Filter>..\main</Filter>
        </ClInclude>
    </ItemGroup>
    <ItemGroup>
        <None Include="..\..\..\devices\MK66F18\iar\startup_MK66F18.s">
            <Filter>..\..\..\devices\MK66F18\iar</Filter>
        </None>
        <None Include="..\..\..\HITSIC\utilities\extlib\cm_backtrace\cmb_1.3.0\cmb_fault.S">
            <Filter>..\..\..\HITSIC\utilities\extlib\cm_backtrace\cmb_1.3.0</Filter>
        </None>
    </ItemGroup>
</Project>
