<?xml version="1.0" encoding="utf-8"?>
<Project ToolsVersion="4.0" xmlns="http://schemas.microsoft.com/developer/msbuild/2003">
    <ItemGroup>
        <Filter Include="CMSIS">
            <UniqueIdentifier>{a763d057-092a-bdcd-a2c9-646f50e5dede}</UniqueIdentifier>
        </Filter>
        <Filter Include="HITSIC_Module">
            <UniqueIdentifier>{f348150d-c0f2-8824-4033-ab8f229365ff}</UniqueIdentifier>
        </Filter>
        <Filter Include="HITSIC_Module\d_mk66f18">
            <UniqueIdentifier>{75dbe148-5f19-7ea2-4990-af7911d55b7d}</UniqueIdentifier>
        </Filter>
        <Filter Include="HITSIC_Module\d_mk66f18\extlib_port">
            <UniqueIdentifier>{a6a3bd82-3f18-05c1-4565-e6a5843226ef}</UniqueIdentifier>
        </Filter>
        <Filter Include="HITSIC_Module\d_mk66f18\extlib_port\CmBacktrace-1.4.0">
            <UniqueIdentifier>{0e380143-e875-b618-bb4c-e8ac14236fbe}</UniqueIdentifier>
        </Filter>
        <Filter Include="HITSIC_Module\d_mk66f18\extlib_port\CmBacktrace-1.4.0\cm_backtrace">
            <UniqueIdentifier>{15f35522-e2ab-0910-048c-1ff53a3e7e70}</UniqueIdentifier>
        </Filter>
        <Filter Include="HITSIC_Module\d_mk66f18\extlib_port\EasyFlash-4.0.0">
            <UniqueIdentifier>{536a1077-c53f-7630-d9de-12086cddebaf}</UniqueIdentifier>
        </Filter>
        <Filter Include="HITSIC_Module\d_mk66f18\extlib_port\EasyFlash-4.0.0\easyflash">
            <UniqueIdentifier>{5f18fcea-e89b-8500-9f99-686e23983db3}</UniqueIdentifier>
        </Filter>
        <Filter Include="HITSIC_Module\d_mk66f18\extlib_port\EasyFlash-4.0.0\easyflash\port">
            <UniqueIdentifier>{72824fd4-d456-cdf9-c145-6a8ef6f5fd23}</UniqueIdentifier>
        </Filter>
        <Filter Include="HITSIC_Module\utilities">
            <UniqueIdentifier>{542292cc-21e8-9791-e67a-a0f05f6e8387}</UniqueIdentifier>
        </Filter>
        <Filter Include="HITSIC_Module\utilities\extlib">
            <UniqueIdentifier>{5d8f6d4a-47da-9b53-75a1-a22cc47b8757}</UniqueIdentifier>
        </Filter>
        <Filter Include="HITSIC_Module\utilities\extlib\CmBacktrace-1.4.0">
            <UniqueIdentifier>{151137d7-ae93-21c4-f741-e7abce92510b}</UniqueIdentifier>
        </Filter>
        <Filter Include="HITSIC_Module\utilities\extlib\CmBacktrace-1.4.0\cm_backtrace">
            <UniqueIdentifier>{f4619aea-edbb-e16e-e4e2-f9e4d55d992c}</UniqueIdentifier>
        </Filter>
        <Filter Include="HITSIC_Module\utilities\extlib\CmBacktrace-1.4.0\cm_backtrace\fault_handler">
            <UniqueIdentifier>{91f6ec0b-7ebb-42a8-d4fd-3e7f7134b632}</UniqueIdentifier>
        </Filter>
        <Filter Include="HITSIC_Module\utilities\extlib\CmBacktrace-1.4.0\cm_backtrace\fault_handler\gcc">
            <UniqueIdentifier>{6538c6a3-c70a-bd1a-2e09-4fd5399d31a3}</UniqueIdentifier>
        </Filter>
        <Filter Include="HITSIC_Module\utilities\extlib\CmBacktrace-1.4.0\cm_backtrace\fault_handler\iar">
            <UniqueIdentifier>{e8a09058-7130-da2d-6c8e-837d762282f9}</UniqueIdentifier>
        </Filter>
        <Filter Include="HITSIC_Module\utilities\extlib\CmBacktrace-1.4.0\cm_backtrace\fault_handler\keil">
            <UniqueIdentifier>{92e5f295-f3b5-1168-2405-94e0c04a41bb}</UniqueIdentifier>
        </Filter>
        <Filter Include="HITSIC_Module\utilities\extlib\CmBacktrace-1.4.0\docs">
            <UniqueIdentifier>{fa4f43df-c712-fa43-cf05-e894bf8ee662}</UniqueIdentifier>
        </Filter>
        <Filter Include="HITSIC_Module\utilities\extlib\CmBacktrace-1.4.0\docs\zh">
            <UniqueIdentifier>{8a772d90-63de-fd57-e5f6-e913bb55e874}</UniqueIdentifier>
        </Filter>
        <Filter Include="HITSIC_Module\utilities\extlib\CmBacktrace-1.4.0\docs\zh\images">
            <UniqueIdentifier>{c8d4066f-5062-911b-fd51-3dd43c47c07c}</UniqueIdentifier>
        </Filter>
        <Filter Include="HITSIC_Module\utilities\extlib\CmBacktrace-1.4.0\docs\zh\images\demo">
            <UniqueIdentifier>{3dee67c4-1645-5ff7-61bd-4d60d9cc06df}</UniqueIdentifier>
        </Filter>
        <Filter Include="HITSIC_Module\utilities\extlib\EasyFlash-4.0.0">
            <UniqueIdentifier>{513ec728-3d0f-bf74-d792-904e0b6d3227}</UniqueIdentifier>
        </Filter>
        <Filter Include="HITSIC_Module\utilities\extlib\EasyFlash-4.0.0\easyflash">
            <UniqueIdentifier>{ac3aa012-1d28-4939-b878-a0e64aa1bceb}</UniqueIdentifier>
        </Filter>
        <Filter Include="HITSIC_Module\utilities\extlib\EasyFlash-4.0.0\easyflash\inc">
            <UniqueIdentifier>{b58d880b-4d19-648e-8cb8-f3d10ef01b83}</UniqueIdentifier>
        </Filter>
        <Filter Include="HITSIC_Module\utilities\extlib\EasyFlash-4.0.0\easyflash\plugins">
            <UniqueIdentifier>{e57ce889-5669-aa1b-ca09-0286efd3e988}</UniqueIdentifier>
        </Filter>
        <Filter Include="HITSIC_Module\utilities\extlib\EasyFlash-4.0.0\easyflash\plugins\types">
            <UniqueIdentifier>{d4b14816-a090-9149-fcc4-658d54d18c81}</UniqueIdentifier>
        </Filter>
        <Filter Include="HITSIC_Module\utilities\extlib\EasyFlash-4.0.0\easyflash\plugins\types\struct2json">
            <UniqueIdentifier>{ea93202a-d317-929f-988f-744ed6729dd6}</UniqueIdentifier>
        </Filter>
        <Filter Include="HITSIC_Module\utilities\extlib\EasyFlash-4.0.0\easyflash\plugins\types\struct2json\inc">
            <UniqueIdentifier>{bfca083b-4765-4596-27b4-c652fe2f7320}</UniqueIdentifier>
        </Filter>
        <Filter Include="HITSIC_Module\utilities\extlib\EasyFlash-4.0.0\easyflash\plugins\types\struct2json\src">
            <UniqueIdentifier>{bbaf77e3-9312-01c5-21db-e520117fc8c6}</UniqueIdentifier>
        </Filter>
        <Filter Include="HITSIC_Module\utilities\extlib\EasyFlash-4.0.0\easyflash\src">
            <UniqueIdentifier>{55b9d78a-31a7-7094-1e8b-3741caeaf260}</UniqueIdentifier>
        </Filter>
        <Filter Include="board">
            <UniqueIdentifier>{3680cec6-a78b-089b-862c-453b80e97a66}</UniqueIdentifier>
        </Filter>
        <Filter Include="component">
            <UniqueIdentifier>{c69da501-5e46-3233-d036-a668eaf3e841}</UniqueIdentifier>
        </Filter>
        <Filter Include="component\lists">
            <UniqueIdentifier>{8d5713c2-ed50-7603-9541-c46041a0b4a9}</UniqueIdentifier>
        </Filter>
        <Filter Include="component\osa">
            <UniqueIdentifier>{f2568292-ce42-6c73-5dc6-15a94d7966d4}</UniqueIdentifier>
        </Filter>
        <Filter Include="component\serial_manager">
            <UniqueIdentifier>{9f0368f7-7784-7b1c-704d-33bd46d4757c}</UniqueIdentifier>
        </Filter>
        <Filter Include="component\uart">
            <UniqueIdentifier>{eaf55e5c-81ac-2d55-964c-9404e35b6a08}</UniqueIdentifier>
        </Filter>
        <Filter Include="device">
            <UniqueIdentifier>{6c94cc36-5424-08d6-263d-b1249e66be00}</UniqueIdentifier>
        </Filter>
        <Filter Include="drivers">
            <UniqueIdentifier>{9d783a3f-7873-75e8-a9a7-1197cd9cf6dd}</UniqueIdentifier>
        </Filter>
        <Filter Include="fatfs">
            <UniqueIdentifier>{041a2fae-6521-0b22-8703-3ec419658d26}</UniqueIdentifier>
        </Filter>
        <Filter Include="fatfs\source">
            <UniqueIdentifier>{1be1153b-b2a7-341c-68e8-9e44fa49fa53}</UniqueIdentifier>
        </Filter>
        <Filter Include="fatfs\source\fsl_ram_disk">
            <UniqueIdentifier>{5876824f-c88c-962e-b4ce-ba8ee7b1d4fd}</UniqueIdentifier>
        </Filter>
        <Filter Include="fatfs\source\fsl_sd_disk">
            <UniqueIdentifier>{5430ff51-3038-8be1-f21d-1a1a6a44847b}</UniqueIdentifier>
        </Filter>
        <Filter Include="libs">
            <UniqueIdentifier>{77b7e4f9-6f44-a9dc-ac5e-3660f97aa265}</UniqueIdentifier>
        </Filter>
        <Filter Include="sdmmc">
            <UniqueIdentifier>{5963e8a0-f037-5868-4828-a5091dbc9634}</UniqueIdentifier>
        </Filter>
        <Filter Include="sdmmc\host">
            <UniqueIdentifier>{61dd55dd-4a79-321b-6fd3-c16c5e91f77f}</UniqueIdentifier>
        </Filter>
        <Filter Include="sdmmc\inc">
            <UniqueIdentifier>{197cc118-f483-ae80-6818-301214913e9e}</UniqueIdentifier>
        </Filter>
        <Filter Include="sdmmc\osa">
            <UniqueIdentifier>{07e8c5da-770c-430c-dd3e-5b91e625c42a}</UniqueIdentifier>
        </Filter>
        <Filter Include="sdmmc\src">
            <UniqueIdentifier>{a47ab9aa-4b4c-8a49-34ed-c9535ec34faa}</UniqueIdentifier>
        </Filter>
        <Filter Include="source">
            <UniqueIdentifier>{78c935f0-e8fc-eb9e-178e-e4e0c2062786}</UniqueIdentifier>
        </Filter>
        <Filter Include="startup">
            <UniqueIdentifier>{fa5db054-d563-eea3-dc98-52bedb63e646}</UniqueIdentifier>
        </Filter>
        <Filter Include="utilities">
            <UniqueIdentifier>{a49fa44f-9b49-0ad1-1ba3-8d57e0540283}</UniqueIdentifier>
        </Filter>
    </ItemGroup>
    <ItemGroup>
        <ClCompile Include="HITSIC_Module\d_mk66f18\app_menu_port.cpp">
            <Filter>HITSIC_Module\d_mk66f18</Filter>
        </ClCompile>
        <ClCompile Include="HITSIC_Module\d_mk66f18\drv_dmadvp_port.cpp">
            <Filter>HITSIC_Module\d_mk66f18</Filter>
        </ClCompile>
        <ClCompile Include="HITSIC_Module\d_mk66f18\extlib_port\EasyFlash-4.0.0\easyflash\port\ef_port.c">
            <Filter>HITSIC_Module\d_mk66f18\extlib_port\EasyFlash-4.0.0\easyflash\port</Filter>
        </ClCompile>
        <ClCompile Include="HITSIC_Module\d_mk66f18\hitsic_common.c">
            <Filter>HITSIC_Module\d_mk66f18</Filter>
        </ClCompile>
        <ClCompile Include="HITSIC_Module\d_mk66f18\sys_extint_port.cpp">
            <Filter>HITSIC_Module\d_mk66f18</Filter>
        </ClCompile>
        <ClCompile Include="HITSIC_Module\d_mk66f18\sys_pitmgr_port.cpp">
            <Filter>HITSIC_Module\d_mk66f18</Filter>
        </ClCompile>
        <ClCompile Include="HITSIC_Module\d_mk66f18\sys_uartmgr_port.cpp">
            <Filter>HITSIC_Module\d_mk66f18</Filter>
        </ClCompile>
        <ClCompile Include="HITSIC_Module\utilities\app_menu.cpp">
            <Filter>HITSIC_Module\utilities</Filter>
        </ClCompile>
        <ClCompile Include="HITSIC_Module\utilities\app_menu_button.cpp">
            <Filter>HITSIC_Module\utilities</Filter>
        </ClCompile>
        <ClCompile Include="HITSIC_Module\utilities\app_menu_nvm.cpp">
            <Filter>HITSIC_Module\utilities</Filter>
        </ClCompile>
        <ClCompile Include="HITSIC_Module\utilities\app_menu_type.cpp">
            <Filter>HITSIC_Module\utilities</Filter>
        </ClCompile>
        <ClCompile Include="HITSIC_Module\utilities\app_svbmp.cpp">
            <Filter>HITSIC_Module\utilities</Filter>
        </ClCompile>
        <ClCompile Include="HITSIC_Module\utilities\drv_button.cpp">
            <Filter>HITSIC_Module\utilities</Filter>
        </ClCompile>
        <ClCompile Include="HITSIC_Module\utilities\drv_cam_zf9v034.cpp">
            <Filter>HITSIC_Module\utilities</Filter>
        </ClCompile>
        <ClCompile Include="HITSIC_Module\utilities\drv_disp_font.cpp">
            <Filter>HITSIC_Module\utilities</Filter>
        </ClCompile>
        <ClCompile Include="HITSIC_Module\utilities\drv_disp_ssd1306.cpp">
            <Filter>HITSIC_Module\utilities</Filter>
        </ClCompile>
        <ClCompile Include="HITSIC_Module\utilities\drv_disp_st7789.cpp">
            <Filter>HITSIC_Module\utilities</Filter>
        </ClCompile>
        <ClCompile Include="HITSIC_Module\utilities\drv_dmadvp.cpp">
            <Filter>HITSIC_Module\utilities</Filter>
        </ClCompile>
        <ClCompile Include="HITSIC_Module\utilities\drv_ftfx_flash.cpp">
            <Filter>HITSIC_Module\utilities</Filter>
        </ClCompile>
        <ClCompile Include="HITSIC_Module\utilities\drv_imu_invensense.cpp">
            <Filter>HITSIC_Module\utilities</Filter>
        </ClCompile>
        <ClCompile Include="HITSIC_Module\utilities\extlib\CmBacktrace-1.4.0\cm_backtrace\cm_backtrace.c">
            <Filter>HITSIC_Module\utilities\extlib\CmBacktrace-1.4.0\cm_backtrace</Filter>
        </ClCompile>
        <ClCompile Include="HITSIC_Module\utilities\extlib\EasyFlash-4.0.0\easyflash\plugins\types\ef_types.c">
            <Filter>HITSIC_Module\utilities\extlib\EasyFlash-4.0.0\easyflash\plugins\types</Filter>
        </ClCompile>
        <ClCompile Include="HITSIC_Module\utilities\extlib\EasyFlash-4.0.0\easyflash\plugins\types\struct2json\src\cJSON.c">
            <Filter>HITSIC_Module\utilities\extlib\EasyFlash-4.0.0\easyflash\plugins\types\struct2json\src</Filter>
        </ClCompile>
        <ClCompile Include="HITSIC_Module\utilities\extlib\EasyFlash-4.0.0\easyflash\plugins\types\struct2json\src\s2j.c">
            <Filter>HITSIC_Module\utilities\extlib\EasyFlash-4.0.0\easyflash\plugins\types\struct2json\src</Filter>
        </ClCompile>
        <ClCompile Include="HITSIC_Module\utilities\extlib\EasyFlash-4.0.0\easyflash\src\easyflash.c">
            <Filter>HITSIC_Module\utilities\extlib\EasyFlash-4.0.0\easyflash\src</Filter>
        </ClCompile>
        <ClCompile Include="HITSIC_Module\utilities\extlib\EasyFlash-4.0.0\easyflash\src\ef_env.c">
            <Filter>HITSIC_Module\utilities\extlib\EasyFlash-4.0.0\easyflash\src</Filter>
        </ClCompile>
        <ClCompile Include="HITSIC_Module\utilities\extlib\EasyFlash-4.0.0\easyflash\src\ef_env_legacy.c">
            <Filter>HITSIC_Module\utilities\extlib\EasyFlash-4.0.0\easyflash\src</Filter>
        </ClCompile>
        <ClCompile Include="HITSIC_Module\utilities\extlib\EasyFlash-4.0.0\easyflash\src\ef_env_legacy_wl.c">
            <Filter>HITSIC_Module\utilities\extlib\EasyFlash-4.0.0\easyflash\src</Filter>
        </ClCompile>
        <ClCompile Include="HITSIC_Module\utilities\extlib\EasyFlash-4.0.0\easyflash\src\ef_iap.c">
            <Filter>HITSIC_Module\utilities\extlib\EasyFlash-4.0.0\easyflash\src</Filter>
        </ClCompile>
        <ClCompile Include="HITSIC_Module\utilities\extlib\EasyFlash-4.0.0\easyflash\src\ef_log.c">
            <Filter>HITSIC_Module\utilities\extlib\EasyFlash-4.0.0\easyflash\src</Filter>
        </ClCompile>
        <ClCompile Include="HITSIC_Module\utilities\extlib\EasyFlash-4.0.0\easyflash\src\ef_utils.c">
            <Filter>HITSIC_Module\utilities\extlib\EasyFlash-4.0.0\easyflash\src</Filter>
        </ClCompile>
        <ClCompile Include="HITSIC_Module\utilities\lib_adrcctrl.c">
            <Filter>HITSIC_Module\utilities</Filter>
        </ClCompile>
        <ClCompile Include="HITSIC_Module\utilities\lib_disp_common.cpp">
            <Filter>HITSIC_Module\utilities</Filter>
        </ClCompile>
        <ClCompile Include="HITSIC_Module\utilities\lib_graphic.cpp">
            <Filter>HITSIC_Module\utilities</Filter>
        </ClCompile>
        <ClCompile Include="HITSIC_Module\utilities\lib_graphic_font.cpp">
            <Filter>HITSIC_Module\utilities</Filter>
        </ClCompile>
        <ClCompile Include="HITSIC_Module\utilities\lib_list.c">
            <Filter>HITSIC_Module\utilities</Filter>
        </ClCompile>
        <ClCompile Include="HITSIC_Module\utilities\lib_pidctrl.c">
            <Filter>HITSIC_Module\utilities</Filter>
        </ClCompile>
        <ClCompile Include="HITSIC_Module\utilities\sys_extint.cpp">
            <Filter>HITSIC_Module\utilities</Filter>
        </ClCompile>
        <ClCompile Include="HITSIC_Module\utilities\sys_pitmgr.cpp">
            <Filter>HITSIC_Module\utilities</Filter>
        </ClCompile>
        <ClCompile Include="HITSIC_Module\utilities\sys_rmcall.cpp">
            <Filter>HITSIC_Module\utilities</Filter>
        </ClCompile>
        <ClCompile Include="HITSIC_Module\utilities\sys_uartmgr.cpp">
            <Filter>HITSIC_Module\utilities</Filter>
        </ClCompile>
        <ClCompile Include="board\board.c">
            <Filter>board</Filter>
        </ClCompile>
        <ClCompile Include="board\clock_config.c">
            <Filter>board</Filter>
        </ClCompile>
        <ClCompile Include="board\peripherals.c">
            <Filter>board</Filter>
        </ClCompile>
        <ClCompile Include="board\pin_mux.c">
            <Filter>board</Filter>
        </ClCompile>
        <ClCompile Include="board\sdmmc_config.c">
            <Filter>board</Filter>
        </ClCompile>
        <ClCompile Include="component\lists\generic_list.c">
            <Filter>component\lists</Filter>
        </ClCompile>
        <ClCompile Include="component\osa\fsl_os_abstraction_bm.c">
            <Filter>component\osa</Filter>
        </ClCompile>
        <ClCompile Include="component\serial_manager\serial_manager.c">
            <Filter>component\serial_manager</Filter>
        </ClCompile>
        <ClCompile Include="component\serial_manager\serial_port_uart.c">
            <Filter>component\serial_manager</Filter>
        </ClCompile>
        <ClCompile Include="component\uart\lpuart_adapter.c">
            <Filter>component\uart</Filter>
        </ClCompile>
        <ClCompile Include="component\uart\uart_adapter.c">
            <Filter>component\uart</Filter>
        </ClCompile>
        <ClCompile Include="device\system_MK66F18.c">
            <Filter>device</Filter>
        </ClCompile>
        <ClCompile Include="drivers\fsl_adc16.c">
            <Filter>drivers</Filter>
        </ClCompile>
        <ClCompile Include="drivers\fsl_cache.c">
            <Filter>drivers</Filter>
        </ClCompile>
        <ClCompile Include="drivers\fsl_clock.c">
            <Filter>drivers</Filter>
        </ClCompile>
        <ClCompile Include="drivers\fsl_cmp.c">
            <Filter>drivers</Filter>
        </ClCompile>
        <ClCompile Include="drivers\fsl_cmt.c">
            <Filter>drivers</Filter>
        </ClCompile>
        <ClCompile Include="drivers\fsl_common.c">
            <Filter>drivers</Filter>
        </ClCompile>
        <ClCompile Include="drivers\fsl_crc.c">
            <Filter>drivers</Filter>
        </ClCompile>
        <ClCompile Include="drivers\fsl_dac.c">
            <Filter>drivers</Filter>
        </ClCompile>
        <ClCompile Include="drivers\fsl_dmamux.c">
            <Filter>drivers</Filter>
        </ClCompile>
        <ClCompile Include="drivers\fsl_dspi.c">
            <Filter>drivers</Filter>
        </ClCompile>
        <ClCompile Include="drivers\fsl_dspi_edma.c">
            <Filter>drivers</Filter>
        </ClCompile>
        <ClCompile Include="drivers\fsl_edma.c">
            <Filter>drivers</Filter>
        </ClCompile>
        <ClCompile Include="drivers\fsl_enet.c">
            <Filter>drivers</Filter>
        </ClCompile>
        <ClCompile Include="drivers\fsl_ewm.c">
            <Filter>drivers</Filter>
        </ClCompile>
        <ClCompile Include="drivers\fsl_flexbus.c">
            <Filter>drivers</Filter>
        </ClCompile>
        <ClCompile Include="drivers\fsl_flexcan.c">
            <Filter>drivers</Filter>
        </ClCompile>
        <ClCompile Include="drivers\fsl_ftfx_cache.c">
            <Filter>drivers</Filter>
        </ClCompile>
        <ClCompile Include="drivers\fsl_ftfx_controller.c">
            <Filter>drivers</Filter>
        </ClCompile>
        <ClCompile Include="drivers\fsl_ftfx_flash.c">
            <Filter>drivers</Filter>
        </ClCompile>
        <ClCompile Include="drivers\fsl_ftfx_flexnvm.c">
            <Filter>drivers</Filter>
        </ClCompile>
        <ClCompile Include="drivers\fsl_ftm.c">
            <Filter>drivers</Filter>
        </ClCompile>
        <ClCompile Include="drivers\fsl_gpio.c">
            <Filter>drivers</Filter>
        </ClCompile>
        <ClCompile Include="drivers\fsl_i2c.c">
            <Filter>drivers</Filter>
        </ClCompile>
        <ClCompile Include="drivers\fsl_i2c_edma.c">
            <Filter>drivers</Filter>
        </ClCompile>
        <ClCompile Include="drivers\fsl_llwu.c">
            <Filter>drivers</Filter>
        </ClCompile>
        <ClCompile Include="drivers\fsl_lmem_cache.c">
            <Filter>drivers</Filter>
        </ClCompile>
        <ClCompile Include="drivers\fsl_lptmr.c">
            <Filter>drivers</Filter>
        </ClCompile>
        <ClCompile Include="drivers\fsl_lpuart.c">
            <Filter>drivers</Filter>
        </ClCompile>
        <ClCompile Include="drivers\fsl_lpuart_edma.c">
            <Filter>drivers</Filter>
        </ClCompile>
        <ClCompile Include="drivers\fsl_pdb.c">
            <Filter>drivers</Filter>
        </ClCompile>
        <ClCompile Include="drivers\fsl_pit.c">
            <Filter>drivers</Filter>
        </ClCompile>
        <ClCompile Include="drivers\fsl_pmc.c">
            <Filter>drivers</Filter>
        </ClCompile>
        <ClCompile Include="drivers\fsl_rcm.c">
            <Filter>drivers</Filter>
        </ClCompile>
        <ClCompile Include="drivers\fsl_rnga.c">
            <Filter>drivers</Filter>
        </ClCompile>
        <ClCompile Include="drivers\fsl_rtc.c">
            <Filter>drivers</Filter>
        </ClCompile>
        <ClCompile Include="drivers\fsl_sai.c">
            <Filter>drivers</Filter>
        </ClCompile>
        <ClCompile Include="drivers\fsl_sai_edma.c">
            <Filter>drivers</Filter>
        </ClCompile>
        <ClCompile Include="drivers\fsl_sdhc.c">
            <Filter>drivers</Filter>
        </ClCompile>
        <ClCompile Include="drivers\fsl_sdramc.c">
            <Filter>drivers</Filter>
        </ClCompile>
        <ClCompile Include="drivers\fsl_sim.c">
            <Filter>drivers</Filter>
        </ClCompile>
        <ClCompile Include="drivers\fsl_smc.c">
            <Filter>drivers</Filter>
        </ClCompile>
        <ClCompile Include="drivers\fsl_sysmpu.c">
            <Filter>drivers</Filter>
        </ClCompile>
        <ClCompile Include="drivers\fsl_tpm.c">
            <Filter>drivers</Filter>
        </ClCompile>
        <ClCompile Include="drivers\fsl_tsi_v4.c">
            <Filter>drivers</Filter>
        </ClCompile>
        <ClCompile Include="drivers\fsl_uart.c">
            <Filter>drivers</Filter>
        </ClCompile>
        <ClCompile Include="drivers\fsl_uart_edma.c">
            <Filter>drivers</Filter>
        </ClCompile>
        <ClCompile Include="drivers\fsl_vref.c">
            <Filter>drivers</Filter>
        </ClCompile>
        <ClCompile Include="drivers\fsl_wdog.c">
            <Filter>drivers</Filter>
        </ClCompile>
        <ClCompile Include="fatfs\source\diskio.c">
            <Filter>fatfs\source</Filter>
        </ClCompile>
        <ClCompile Include="fatfs\source\ff.c">
            <Filter>fatfs\source</Filter>
        </ClCompile>
        <ClCompile Include="fatfs\source\ffsystem.c">
            <Filter>fatfs\source</Filter>
        </ClCompile>
        <ClCompile Include="fatfs\source\ffunicode.c">
            <Filter>fatfs\source</Filter>
        </ClCompile>
        <ClCompile Include="fatfs\source\fsl_ram_disk\fsl_ram_disk.c">
            <Filter>fatfs\source\fsl_ram_disk</Filter>
        </ClCompile>
        <ClCompile Include="fatfs\source\fsl_sd_disk\fsl_sd_disk.c">
            <Filter>fatfs\source\fsl_sd_disk</Filter>
        </ClCompile>
        <ClCompile Include="sdmmc\host\fsl_sdmmc_host.c">
            <Filter>sdmmc\host</Filter>
        </ClCompile>
        <ClCompile Include="sdmmc\osa\fsl_sdmmc_osa.c">
            <Filter>sdmmc\osa</Filter>
        </ClCompile>
        <ClCompile Include="sdmmc\src\fsl_sd.c">
            <Filter>sdmmc\src</Filter>
        </ClCompile>
        <ClCompile Include="sdmmc\src\fsl_sdmmc_common.c">
            <Filter>sdmmc\src</Filter>
        </ClCompile>
        <ClCompile Include="source\isr.cpp">
            <Filter>source</Filter>
        </ClCompile>
        <ClCompile Include="source\main.cpp">
            <Filter>source</Filter>
        </ClCompile>
        <ClCompile Include="source\sc_adc.c">
            <Filter>source</Filter>
        </ClCompile>
        <ClCompile Include="source\sc_ftm.c">
            <Filter>source</Filter>
        </ClCompile>
        <ClCompile Include="source\syscalls.c">
            <Filter>source</Filter>
        </ClCompile>
        <ClCompile Include="startup\startup_mk66f18.cpp">
            <Filter>startup</Filter>
        </ClCompile>
        <ClCompile Include="utilities\fsl_assert.c">
            <Filter>utilities</Filter>
        </ClCompile>
        <ClCompile Include="utilities\fsl_debug_console.c">
            <Filter>utilities</Filter>
        </ClCompile>
        <ClCompile Include="utilities\fsl_shell.c">
            <Filter>utilities</Filter>
        </ClCompile>
        <ClCompile Include="utilities\fsl_str.c">
            <Filter>utilities</Filter>
        </ClCompile>
    </ItemGroup>
    <ItemGroup>
        <ClInclude Include="CMSIS\arm_common_tables.h">
            <Filter>CMSIS</Filter>
        </ClInclude>
        <ClInclude Include="CMSIS\arm_const_structs.h">
            <Filter>CMSIS</Filter>
        </ClInclude>
        <ClInclude Include="CMSIS\arm_helium_utils.h">
            <Filter>CMSIS</Filter>
        </ClInclude>
        <ClInclude Include="CMSIS\arm_math.h">
            <Filter>CMSIS</Filter>
        </ClInclude>
        <ClInclude Include="CMSIS\arm_mve_tables.h">
            <Filter>CMSIS</Filter>
        </ClInclude>
        <ClInclude Include="CMSIS\arm_vec_math.h">
            <Filter>CMSIS</Filter>
        </ClInclude>
        <ClInclude Include="CMSIS\cachel1_armv7.h">
            <Filter>CMSIS</Filter>
        </ClInclude>
        <ClInclude Include="CMSIS\cmsis_armcc.h">
            <Filter>CMSIS</Filter>
        </ClInclude>
        <ClInclude Include="CMSIS\cmsis_armclang.h">
            <Filter>CMSIS</Filter>
        </ClInclude>
        <ClInclude Include="CMSIS\cmsis_armclang_ltm.h">
            <Filter>CMSIS</Filter>
        </ClInclude>
        <ClInclude Include="CMSIS\cmsis_compiler.h">
            <Filter>CMSIS</Filter>
        </ClInclude>
        <ClInclude Include="CMSIS\cmsis_gcc.h">
            <Filter>CMSIS</Filter>
        </ClInclude>
        <ClInclude Include="CMSIS\cmsis_iccarm.h">
            <Filter>CMSIS</Filter>
        </ClInclude>
        <ClInclude Include="CMSIS\cmsis_version.h">
            <Filter>CMSIS</Filter>
        </ClInclude>
        <ClInclude Include="CMSIS\core_armv81mml.h">
            <Filter>CMSIS</Filter>
        </ClInclude>
        <ClInclude Include="CMSIS\core_armv8mbl.h">
            <Filter>CMSIS</Filter>
        </ClInclude>
        <ClInclude Include="CMSIS\core_armv8mml.h">
            <Filter>CMSIS</Filter>
        </ClInclude>
        <ClInclude Include="CMSIS\core_cm0.h">
            <Filter>CMSIS</Filter>
        </ClInclude>
        <ClInclude Include="CMSIS\core_cm0plus.h">
            <Filter>CMSIS</Filter>
        </ClInclude>
        <ClInclude Include="CMSIS\core_cm1.h">
            <Filter>CMSIS</Filter>
        </ClInclude>
        <ClInclude Include="CMSIS\core_cm23.h">
            <Filter>CMSIS</Filter>
        </ClInclude>
        <ClInclude Include="CMSIS\core_cm3.h">
            <Filter>CMSIS</Filter>
        </ClInclude>
        <ClInclude Include="CMSIS\core_cm33.h">
            <Filter>CMSIS</Filter>
        </ClInclude>
        <ClInclude Include="CMSIS\core_cm35p.h">
            <Filter>CMSIS</Filter>
        </ClInclude>
        <ClInclude Include="CMSIS\core_cm4.h">
            <Filter>CMSIS</Filter>
        </ClInclude>
        <ClInclude Include="CMSIS\core_cm55.h">
            <Filter>CMSIS</Filter>
        </ClInclude>
        <ClInclude Include="CMSIS\core_cm7.h">
            <Filter>CMSIS</Filter>
        </ClInclude>
        <ClInclude Include="CMSIS\core_sc000.h">
            <Filter>CMSIS</Filter>
        </ClInclude>
        <ClInclude Include="CMSIS\core_sc300.h">
            <Filter>CMSIS</Filter>
        </ClInclude>
        <ClInclude Include="CMSIS\mpu_armv7.h">
            <Filter>CMSIS</Filter>
        </ClInclude>
        <ClInclude Include="CMSIS\mpu_armv8.h">
            <Filter>CMSIS</Filter>
        </ClInclude>
        <ClInclude Include="CMSIS\pmu_armv8.h">
            <Filter>CMSIS</Filter>
        </ClInclude>
        <ClInclude Include="CMSIS\tz_context.h">
            <Filter>CMSIS</Filter>
        </ClInclude>
        <ClInclude Include="HITSIC_Module\d_mk66f18\app_menu_port.hpp">
            <Filter>HITSIC_Module\d_mk66f18</Filter>
        </ClInclude>
        <ClInclude Include="HITSIC_Module\d_mk66f18\app_svbmp_port.hpp">
            <Filter>HITSIC_Module\d_mk66f18</Filter>
        </ClInclude>
        <ClInclude Include="HITSIC_Module\d_mk66f18\drv_button_port.h">
            <Filter>HITSIC_Module\d_mk66f18</Filter>
        </ClInclude>
        <ClInclude Include="HITSIC_Module\d_mk66f18\drv_cam_zf9v034_port.hpp">
            <Filter>HITSIC_Module\d_mk66f18</Filter>
        </ClInclude>
        <ClInclude Include="HITSIC_Module\d_mk66f18\drv_disp_ssd1306_port.hpp">
            <Filter>HITSIC_Module\d_mk66f18</Filter>
        </ClInclude>
        <ClInclude Include="HITSIC_Module\d_mk66f18\drv_dmadvp_port.hpp">
            <Filter>HITSIC_Module\d_mk66f18</Filter>
        </ClInclude>
        <ClInclude Include="HITSIC_Module\d_mk66f18\drv_imu_invensense_port.hpp">
            <Filter>HITSIC_Module\d_mk66f18</Filter>
        </ClInclude>
        <ClInclude Include="HITSIC_Module\d_mk66f18\extlib_port\CmBacktrace-1.4.0\cm_backtrace\cmb_cfg.h">
            <Filter>HITSIC_Module\d_mk66f18\extlib_port\CmBacktrace-1.4.0\cm_backtrace</Filter>
        </ClInclude>
        <ClInclude Include="HITSIC_Module\d_mk66f18\extlib_port\CmBacktrace-1.4.0\cm_backtrace\cmb_def.h">
            <Filter>HITSIC_Module\d_mk66f18\extlib_port\CmBacktrace-1.4.0\cm_backtrace</Filter>
        </ClInclude>
        <ClInclude Include="HITSIC_Module\d_mk66f18\extlib_port\EasyFlash-4.0.0\easyflash\port\ef_cfg.h">
            <Filter>HITSIC_Module\d_mk66f18\extlib_port\EasyFlash-4.0.0\easyflash\port</Filter>
        </ClInclude>
        <ClInclude Include="HITSIC_Module\d_mk66f18\hitsic_common.h">
            <Filter>HITSIC_Module\d_mk66f18</Filter>
        </ClInclude>
        <ClInclude Include="HITSIC_Module\d_mk66f18\inc_fsl_mk66f18.h">
            <Filter>HITSIC_Module\d_mk66f18</Filter>
        </ClInclude>
        <ClInclude Include="HITSIC_Module\d_mk66f18\sys_extint_port.hpp">
            <Filter>HITSIC_Module\d_mk66f18</Filter>
        </ClInclude>
        <ClInclude Include="HITSIC_Module\d_mk66f18\sys_pitmgr_port.hpp">
            <Filter>HITSIC_Module\d_mk66f18</Filter>
        </ClInclude>
        <ClInclude Include="HITSIC_Module\d_mk66f18\sys_uartmgr_port.hpp">
            <Filter>HITSIC_Module\d_mk66f18</Filter>
        </ClInclude>
        <ClInclude Include="HITSIC_Module\utilities\app_menu.hpp">
            <Filter>HITSIC_Module\utilities</Filter>
        </ClInclude>
        <ClInclude Include="HITSIC_Module\utilities\app_menu_button.hpp">
            <Filter>HITSIC_Module\utilities</Filter>
        </ClInclude>
        <ClInclude Include="HITSIC_Module\utilities\app_menu_def.hpp">
            <Filter>HITSIC_Module\utilities</Filter>
        </ClInclude>
        <ClInclude Include="HITSIC_Module\utilities\app_menu_nvm.hpp">
            <Filter>HITSIC_Module\utilities</Filter>
        </ClInclude>
        <ClInclude Include="HITSIC_Module\utilities\app_menu_type.hpp">
            <Filter>HITSIC_Module\utilities</Filter>
        </ClInclude>
        <ClInclude Include="HITSIC_Module\utilities\app_svbmp.hpp">
            <Filter>HITSIC_Module\utilities</Filter>
        </ClInclude>
        <ClInclude Include="HITSIC_Module\utilities\drv_button.hpp">
            <Filter>HITSIC_Module\utilities</Filter>
        </ClInclude>
        <ClInclude Include="HITSIC_Module\utilities\drv_cam_zf9v034.hpp">
            <Filter>HITSIC_Module\utilities</Filter>
        </ClInclude>
        <ClInclude Include="HITSIC_Module\utilities\drv_disp_ssd1306.hpp">
            <Filter>HITSIC_Module\utilities</Filter>
        </ClInclude>
        <ClInclude Include="HITSIC_Module\utilities\drv_disp_st7789.hpp">
            <Filter>HITSIC_Module\utilities</Filter>
        </ClInclude>
        <ClInclude Include="HITSIC_Module\utilities\drv_dmadvp.hpp">
            <Filter>HITSIC_Module\utilities</Filter>
        </ClInclude>
        <ClInclude Include="HITSIC_Module\utilities\drv_ftfx_flash.hpp">
            <Filter>HITSIC_Module\utilities</Filter>
        </ClInclude>
        <ClInclude Include="HITSIC_Module\utilities\drv_imu_invensense.hpp">
            <Filter>HITSIC_Module\utilities</Filter>
        </ClInclude>
        <ClInclude Include="HITSIC_Module\utilities\drv_imu_invensense_def.hpp">
            <Filter>HITSIC_Module\utilities</Filter>
        </ClInclude>
        <ClInclude Include="HITSIC_Module\utilities\extlib\CmBacktrace-1.4.0\cm_backtrace\cm_backtrace.h">
            <Filter>HITSIC_Module\utilities\extlib\CmBacktrace-1.4.0\cm_backtrace</Filter>
        </ClInclude>
        <ClInclude Include="HITSIC_Module\utilities\extlib\EasyFlash-4.0.0\easyflash\inc\easyflash.h">
            <Filter>HITSIC_Module\utilities\extlib\EasyFlash-4.0.0\easyflash\inc</Filter>
        </ClInclude>
        <ClInclude Include="HITSIC_Module\utilities\extlib\EasyFlash-4.0.0\easyflash\plugins\types\ef_types.h">
            <Filter>HITSIC_Module\utilities\extlib\EasyFlash-4.0.0\easyflash\plugins\types</Filter>
        </ClInclude>
        <ClInclude Include="HITSIC_Module\utilities\extlib\EasyFlash-4.0.0\easyflash\plugins\types\struct2json\inc\cJSON.h">
            <Filter>HITSIC_Module\utilities\extlib\EasyFlash-4.0.0\easyflash\plugins\types\struct2json\inc</Filter>
        </ClInclude>
        <ClInclude Include="HITSIC_Module\utilities\extlib\EasyFlash-4.0.0\easyflash\plugins\types\struct2json\inc\s2j.h">
            <Filter>HITSIC_Module\utilities\extlib\EasyFlash-4.0.0\easyflash\plugins\types\struct2json\inc</Filter>
        </ClInclude>
        <ClInclude Include="HITSIC_Module\utilities\extlib\EasyFlash-4.0.0\easyflash\plugins\types\struct2json\inc\s2jdef.h">
            <Filter>HITSIC_Module\utilities\extlib\EasyFlash-4.0.0\easyflash\plugins\types\struct2json\inc</Filter>
        </ClInclude>
        <ClInclude Include="HITSIC_Module\utilities\inc_stdlib.hpp">
            <Filter>HITSIC_Module\utilities</Filter>
        </ClInclude>
        <ClInclude Include="HITSIC_Module\utilities\lib_adrcctrl.h">
            <Filter>HITSIC_Module\utilities</Filter>
        </ClInclude>
        <ClInclude Include="HITSIC_Module\utilities\lib_disp_common.hpp">
            <Filter>HITSIC_Module\utilities</Filter>
        </ClInclude>
        <ClInclude Include="HITSIC_Module\utilities\lib_graphic.hpp">
            <Filter>HITSIC_Module\utilities</Filter>
        </ClInclude>
        <ClInclude Include="HITSIC_Module\utilities\lib_graphic_font.hpp">
            <Filter>HITSIC_Module\utilities</Filter>
        </ClInclude>
        <ClInclude Include="HITSIC_Module\utilities\lib_list.h">
            <Filter>HITSIC_Module\utilities</Filter>
        </ClInclude>
        <ClInclude Include="HITSIC_Module\utilities\lib_pidctrl.h">
            <Filter>HITSIC_Module\utilities</Filter>
        </ClInclude>
        <ClInclude Include="HITSIC_Module\utilities\sys_extint.hpp">
            <Filter>HITSIC_Module\utilities</Filter>
        </ClInclude>
        <ClInclude Include="HITSIC_Module\utilities\sys_pitmgr.hpp">
            <Filter>HITSIC_Module\utilities</Filter>
        </ClInclude>
        <ClInclude Include="HITSIC_Module\utilities\sys_rmcall.hpp">
            <Filter>HITSIC_Module\utilities</Filter>
        </ClInclude>
        <ClInclude Include="HITSIC_Module\utilities\sys_uartmgr.hpp">
            <Filter>HITSIC_Module\utilities</Filter>
        </ClInclude>
        <ClInclude Include="board\board.h">
            <Filter>board</Filter>
        </ClInclude>
        <ClInclude Include="board\clock_config.h">
            <Filter>board</Filter>
        </ClInclude>
        <ClInclude Include="board\peripherals.h">
            <Filter>board</Filter>
        </ClInclude>
        <ClInclude Include="board\pin_mux.h">
            <Filter>board</Filter>
        </ClInclude>
        <ClInclude Include="board\sdmmc_config.h">
            <Filter>board</Filter>
        </ClInclude>
        <ClInclude Include="component\lists\generic_list.h">
            <Filter>component\lists</Filter>
        </ClInclude>
        <ClInclude Include="component\osa\fsl_os_abstraction.h">
            <Filter>component\osa</Filter>
        </ClInclude>
        <ClInclude Include="component\osa\fsl_os_abstraction_bm.h">
            <Filter>component\osa</Filter>
        </ClInclude>
        <ClInclude Include="component\osa\fsl_os_abstraction_config.h">
            <Filter>component\osa</Filter>
        </ClInclude>
        <ClInclude Include="component\serial_manager\serial_manager.h">
            <Filter>component\serial_manager</Filter>
        </ClInclude>
        <ClInclude Include="component\serial_manager\serial_port_internal.h">
            <Filter>component\serial_manager</Filter>
        </ClInclude>
        <ClInclude Include="component\serial_manager\serial_port_uart.h">
            <Filter>component\serial_manager</Filter>
        </ClInclude>
        <ClInclude Include="component\uart\uart.h">
            <Filter>component\uart</Filter>
        </ClInclude>
        <ClInclude Include="device\MK66F18.h">
            <Filter>device</Filter>
        </ClInclude>
        <ClInclude Include="device\MK66F18_features.h">
            <Filter>device</Filter>
        </ClInclude>
        <ClInclude Include="device\fsl_device_registers.h">
            <Filter>device</Filter>
        </ClInclude>
        <ClInclude Include="device\system_MK66F18.h">
            <Filter>device</Filter>
        </ClInclude>
        <ClInclude Include="drivers\fsl_adc16.h">
            <Filter>drivers</Filter>
        </ClInclude>
        <ClInclude Include="drivers\fsl_cache.h">
            <Filter>drivers</Filter>
        </ClInclude>
        <ClInclude Include="drivers\fsl_clock.h">
            <Filter>drivers</Filter>
        </ClInclude>
        <ClInclude Include="drivers\fsl_cmp.h">
            <Filter>drivers</Filter>
        </ClInclude>
        <ClInclude Include="drivers\fsl_cmt.h">
            <Filter>drivers</Filter>
        </ClInclude>
        <ClInclude Include="drivers\fsl_common.h">
            <Filter>drivers</Filter>
        </ClInclude>
        <ClInclude Include="drivers\fsl_crc.h">
            <Filter>drivers</Filter>
        </ClInclude>
        <ClInclude Include="drivers\fsl_dac.h">
            <Filter>drivers</Filter>
        </ClInclude>
        <ClInclude Include="drivers\fsl_dmamux.h">
            <Filter>drivers</Filter>
        </ClInclude>
        <ClInclude Include="drivers\fsl_dspi.h">
            <Filter>drivers</Filter>
        </ClInclude>
        <ClInclude Include="drivers\fsl_dspi_edma.h">
            <Filter>drivers</Filter>
        </ClInclude>
        <ClInclude Include="drivers\fsl_edma.h">
            <Filter>drivers</Filter>
        </ClInclude>
        <ClInclude Include="drivers\fsl_enet.h">
            <Filter>drivers</Filter>
        </ClInclude>
        <ClInclude Include="drivers\fsl_ewm.h">
            <Filter>drivers</Filter>
        </ClInclude>
        <ClInclude Include="drivers\fsl_flash.h">
            <Filter>drivers</Filter>
        </ClInclude>
        <ClInclude Include="drivers\fsl_flexbus.h">
            <Filter>drivers</Filter>
        </ClInclude>
        <ClInclude Include="drivers\fsl_flexcan.h">
            <Filter>drivers</Filter>
        </ClInclude>
        <ClInclude Include="drivers\fsl_ftfx_adapter.h">
            <Filter>drivers</Filter>
        </ClInclude>
        <ClInclude Include="drivers\fsl_ftfx_cache.h">
            <Filter>drivers</Filter>
        </ClInclude>
        <ClInclude Include="drivers\fsl_ftfx_controller.h">
            <Filter>drivers</Filter>
        </ClInclude>
        <ClInclude Include="drivers\fsl_ftfx_features.h">
            <Filter>drivers</Filter>
        </ClInclude>
        <ClInclude Include="drivers\fsl_ftfx_flash.h">
            <Filter>drivers</Filter>
        </ClInclude>
        <ClInclude Include="drivers\fsl_ftfx_flexnvm.h">
            <Filter>drivers</Filter>
        </ClInclude>
        <ClInclude Include="drivers\fsl_ftfx_utilities.h">
            <Filter>drivers</Filter>
        </ClInclude>
        <ClInclude Include="drivers\fsl_ftm.h">
            <Filter>drivers</Filter>
        </ClInclude>
        <ClInclude Include="drivers\fsl_gpio.h">
            <Filter>drivers</Filter>
        </ClInclude>
        <ClInclude Include="drivers\fsl_i2c.h">
            <Filter>drivers</Filter>
        </ClInclude>
        <ClInclude Include="drivers\fsl_i2c_edma.h">
            <Filter>drivers</Filter>
        </ClInclude>
        <ClInclude Include="drivers\fsl_llwu.h">
            <Filter>drivers</Filter>
        </ClInclude>
        <ClInclude Include="drivers\fsl_lmem_cache.h">
            <Filter>drivers</Filter>
        </ClInclude>
        <ClInclude Include="drivers\fsl_lptmr.h">
            <Filter>drivers</Filter>
        </ClInclude>
        <ClInclude Include="drivers\fsl_lpuart.h">
            <Filter>drivers</Filter>
        </ClInclude>
        <ClInclude Include="drivers\fsl_lpuart_edma.h">
            <Filter>drivers</Filter>
        </ClInclude>
        <ClInclude Include="drivers\fsl_pdb.h">
            <Filter>drivers</Filter>
        </ClInclude>
        <ClInclude Include="drivers\fsl_pit.h">
            <Filter>drivers</Filter>
        </ClInclude>
        <ClInclude Include="drivers\fsl_pmc.h">
            <Filter>drivers</Filter>
        </ClInclude>
        <ClInclude Include="drivers\fsl_port.h">
            <Filter>drivers</Filter>
        </ClInclude>
        <ClInclude Include="drivers\fsl_rcm.h">
            <Filter>drivers</Filter>
        </ClInclude>
        <ClInclude Include="drivers\fsl_rnga.h">
            <Filter>drivers</Filter>
        </ClInclude>
        <ClInclude Include="drivers\fsl_rtc.h">
            <Filter>drivers</Filter>
        </ClInclude>
        <ClInclude Include="drivers\fsl_sai.h">
            <Filter>drivers</Filter>
        </ClInclude>
        <ClInclude Include="drivers\fsl_sai_edma.h">
            <Filter>drivers</Filter>
        </ClInclude>
        <ClInclude Include="drivers\fsl_sdhc.h">
            <Filter>drivers</Filter>
        </ClInclude>
        <ClInclude Include="drivers\fsl_sdramc.h">
            <Filter>drivers</Filter>
        </ClInclude>
        <ClInclude Include="drivers\fsl_sim.h">
            <Filter>drivers</Filter>
        </ClInclude>
        <ClInclude Include="drivers\fsl_smc.h">
            <Filter>drivers</Filter>
        </ClInclude>
        <ClInclude Include="drivers\fsl_sysmpu.h">
            <Filter>drivers</Filter>
        </ClInclude>
        <ClInclude Include="drivers\fsl_tpm.h">
            <Filter>drivers</Filter>
        </ClInclude>
        <ClInclude Include="drivers\fsl_tsi_v4.h">
            <Filter>drivers</Filter>
        </ClInclude>
        <ClInclude Include="drivers\fsl_uart.h">
            <Filter>drivers</Filter>
        </ClInclude>
        <ClInclude Include="drivers\fsl_uart_edma.h">
            <Filter>drivers</Filter>
        </ClInclude>
        <ClInclude Include="drivers\fsl_vref.h">
            <Filter>drivers</Filter>
        </ClInclude>
        <ClInclude Include="drivers\fsl_wdog.h">
            <Filter>drivers</Filter>
        </ClInclude>
        <ClInclude Include="fatfs\source\diskio.h">
            <Filter>fatfs\source</Filter>
        </ClInclude>
        <ClInclude Include="fatfs\source\ff.h">
            <Filter>fatfs\source</Filter>
        </ClInclude>
        <ClInclude Include="fatfs\source\fsl_ram_disk\fsl_ram_disk.h">
            <Filter>fatfs\source\fsl_ram_disk</Filter>
        </ClInclude>
        <ClInclude Include="fatfs\source\fsl_sd_disk\fsl_sd_disk.h">
            <Filter>fatfs\source\fsl_sd_disk</Filter>
        </ClInclude>
        <ClInclude Include="sdmmc\host\fsl_sdmmc_host.h">
            <Filter>sdmmc\host</Filter>
        </ClInclude>
        <ClInclude Include="sdmmc\inc\fsl_sd.h">
            <Filter>sdmmc\inc</Filter>
        </ClInclude>
        <ClInclude Include="sdmmc\inc\fsl_sdmmc_common.h">
            <Filter>sdmmc\inc</Filter>
        </ClInclude>
        <ClInclude Include="sdmmc\inc\fsl_sdmmc_spec.h">
            <Filter>sdmmc\inc</Filter>
        </ClInclude>
        <ClInclude Include="sdmmc\osa\fsl_sdmmc_osa.h">
            <Filter>sdmmc\osa</Filter>
        </ClInclude>
        <ClInclude Include="source\ffconf.h">
            <Filter>source</Filter>
        </ClInclude>
        <ClInclude Include="source\sc_adc.h">
            <Filter>source</Filter>
        </ClInclude>
        <ClInclude Include="source\sc_ftm.h">
            <Filter>source</Filter>
        </ClInclude>
        <ClInclude Include="source\sc_test.hpp">
            <Filter>source</Filter>
        </ClInclude>
        <ClInclude Include="utilities\fsl_debug_console.h">
            <Filter>utilities</Filter>
        </ClInclude>
        <ClInclude Include="utilities\fsl_debug_console_conf.h">
            <Filter>utilities</Filter>
        </ClInclude>
        <ClInclude Include="utilities\fsl_shell.h">
            <Filter>utilities</Filter>
        </ClInclude>
        <ClInclude Include="utilities\fsl_str.h">
            <Filter>utilities</Filter>
        </ClInclude>
    </ItemGroup>
    <ItemGroup>
        <None Include="HITSIC_Module\utilities\extlib\CmBacktrace-1.4.0\.gitattributes">
            <Filter>HITSIC_Module\utilities\extlib\CmBacktrace-1.4.0</Filter>
        </None>
        <None Include="HITSIC_Module\utilities\extlib\CmBacktrace-1.4.0\LICENSE">
            <Filter>HITSIC_Module\utilities\extlib\CmBacktrace-1.4.0</Filter>
        </None>
        <None Include="HITSIC_Module\utilities\extlib\CmBacktrace-1.4.0\README.md">
            <Filter>HITSIC_Module\utilities\extlib\CmBacktrace-1.4.0</Filter>
        </None>
        <None Include="HITSIC_Module\utilities\extlib\CmBacktrace-1.4.0\cm_backtrace\fault_handler\gcc\cmb_fault.S">
            <Filter>HITSIC_Module\utilities\extlib\CmBacktrace-1.4.0\cm_backtrace\fault_handler\gcc</Filter>
        </None>
        <None Include="HITSIC_Module\utilities\extlib\CmBacktrace-1.4.0\cm_backtrace\fault_handler\iar\cmb_fault.S">
            <Filter>HITSIC_Module\utilities\extlib\CmBacktrace-1.4.0\cm_backtrace\fault_handler\iar</Filter>
        </None>
        <None Include="HITSIC_Module\utilities\extlib\CmBacktrace-1.4.0\cm_backtrace\fault_handler\keil\cmb_fault.S">
            <Filter>HITSIC_Module\utilities\extlib\CmBacktrace-1.4.0\cm_backtrace\fault_handler\keil</Filter>
        </None>
        <None Include="HITSIC_Module\utilities\extlib\CmBacktrace-1.4.0\docs\README.md">
            <Filter>HITSIC_Module\utilities\extlib\CmBacktrace-1.4.0\docs</Filter>
        </None>
        <None Include="HITSIC_Module\utilities\extlib\CmBacktrace-1.4.0\docs\zh\enable_c99_for_keil_iar_gcc.md">
            <Filter>HITSIC_Module\utilities\extlib\CmBacktrace-1.4.0\docs\zh</Filter>
        </None>
        <None Include="HITSIC_Module\utilities\extlib\CmBacktrace-1.4.0\docs\zh\how_to_use_addr2line_for_call_stack.md">
            <Filter>HITSIC_Module\utilities\extlib\CmBacktrace-1.4.0\docs\zh</Filter>
        </None>
        <None Include="HITSIC_Module\utilities\extlib\CmBacktrace-1.4.0\docs\zh\images\cm_backtrace_demo.gif">
            <Filter>HITSIC_Module\utilities\extlib\CmBacktrace-1.4.0\docs\zh\images</Filter>
        </None>
        <None Include="HITSIC_Module\utilities\extlib\CmBacktrace-1.4.0\docs\zh\images\demo\CmBacktrace.uga">
            <Filter>HITSIC_Module\utilities\extlib\CmBacktrace-1.4.0\docs\zh\images\demo</Filter>
        </None>
        <None Include="HITSIC_Module\utilities\extlib\CmBacktrace-1.4.0\docs\zh\images\demo\call_stack_basic_info.png">
            <Filter>HITSIC_Module\utilities\extlib\CmBacktrace-1.4.0\docs\zh\images\demo</Filter>
        </None>
        <None Include="HITSIC_Module\utilities\extlib\CmBacktrace-1.4.0\docs\zh\images\demo\call_stack_details.png">
            <Filter>HITSIC_Module\utilities\extlib\CmBacktrace-1.4.0\docs\zh\images\demo</Filter>
        </None>
        <None Include="HITSIC_Module\utilities\extlib\CmBacktrace-1.4.0\docs\zh\images\demo\cd_exe_dir.png">
            <Filter>HITSIC_Module\utilities\extlib\CmBacktrace-1.4.0\docs\zh\images\demo</Filter>
        </None>
        <None Include="HITSIC_Module\utilities\extlib\CmBacktrace-1.4.0\docs\zh\images\demo\demo_code.png">
            <Filter>HITSIC_Module\utilities\extlib\CmBacktrace-1.4.0\docs\zh\images\demo</Filter>
        </None>
        <None Include="HITSIC_Module\utilities\extlib\CmBacktrace-1.4.0\docs\zh\images\demo\fault_diagnosis.png">
            <Filter>HITSIC_Module\utilities\extlib\CmBacktrace-1.4.0\docs\zh\images\demo</Filter>
        </None>
        <None Include="HITSIC_Module\utilities\extlib\CmBacktrace-1.4.0\docs\zh\images\demo\paste_cmd.png">
            <Filter>HITSIC_Module\utilities\extlib\CmBacktrace-1.4.0\docs\zh\images\demo</Filter>
        </None>
        <None Include="HITSIC_Module\utilities\extlib\CmBacktrace-1.4.0\docs\zh\images\iar_enable_c99.png">
            <Filter>HITSIC_Module\utilities\extlib\CmBacktrace-1.4.0\docs\zh\images</Filter>
        </None>
        <None Include="HITSIC_Module\utilities\extlib\CmBacktrace-1.4.0\docs\zh\images\keil4_enable_c99.jpg">
            <Filter>HITSIC_Module\utilities\extlib\CmBacktrace-1.4.0\docs\zh\images</Filter>
        </None>
        <None Include="HITSIC_Module\utilities\extlib\CmBacktrace-1.4.0\docs\zh\images\keil5_enable_c99.jpg">
            <Filter>HITSIC_Module\utilities\extlib\CmBacktrace-1.4.0\docs\zh\images</Filter>
        </None>
        <None Include="HITSIC_Module\utilities\extlib\EasyFlash-4.0.0\easyflash\plugins\types\README.md">
            <Filter>HITSIC_Module\utilities\extlib\EasyFlash-4.0.0\easyflash\plugins\types</Filter>
        </None>
        <None Include="HITSIC_Module\utilities\extlib\EasyFlash-4.0.0\easyflash\plugins\types\struct2json\readme.md">
            <Filter>HITSIC_Module\utilities\extlib\EasyFlash-4.0.0\easyflash\plugins\types\struct2json</Filter>
        </None>
        <None Include="libs\libarm_cortexM4lf_math.a">
            <Filter>libs</Filter>
        </None>
    </ItemGroup>
</Project>
