<?xml version="1.0" encoding="utf-8"?>
<Project ToolsVersion="4.0" xmlns="http://schemas.microsoft.com/developer/msbuild/2003">
    <ItemGroup>
        <Filter Include="CMSIS">
            <UniqueIdentifier>{c3977c0a-ee64-d4b5-bb30-aba4f77f33ee}</UniqueIdentifier>
        </Filter>
        <Filter Include="HITSIC_Module">
            <UniqueIdentifier>{95871f6b-cc46-19b9-f69b-4d5be2d80b25}</UniqueIdentifier>
        </Filter>
        <Filter Include="HITSIC_Module\d_mk66f18">
            <UniqueIdentifier>{7277e960-ee42-af6c-af39-5ac955af696d}</UniqueIdentifier>
        </Filter>
        <Filter Include="HITSIC_Module\d_mk66f18\extlib_port">
            <UniqueIdentifier>{02fd5372-cdfe-ff45-2fa1-5a98c94bd510}</UniqueIdentifier>
        </Filter>
        <Filter Include="HITSIC_Module\d_mk66f18\extlib_port\CmBacktrace-1.4.0">
            <UniqueIdentifier>{ac62f418-e0c3-91ec-0e5d-c62eb564d6c5}</UniqueIdentifier>
        </Filter>
        <Filter Include="HITSIC_Module\d_mk66f18\extlib_port\CmBacktrace-1.4.0\cm_backtrace">
            <UniqueIdentifier>{e96f55d9-cf3a-1cc9-c3c4-26259252d5e4}</UniqueIdentifier>
        </Filter>
        <Filter Include="HITSIC_Module\d_mk66f18\extlib_port\EasyFlash-4.0.0">
            <UniqueIdentifier>{317ade2f-d4d9-d844-d77e-e1e408bd7af5}</UniqueIdentifier>
        </Filter>
        <Filter Include="HITSIC_Module\d_mk66f18\extlib_port\EasyFlash-4.0.0\easyflash">
            <UniqueIdentifier>{3afdf681-a51a-5f05-d1f3-90036efd1c70}</UniqueIdentifier>
        </Filter>
        <Filter Include="HITSIC_Module\d_mk66f18\extlib_port\EasyFlash-4.0.0\easyflash\port">
            <UniqueIdentifier>{4f8f5686-ba74-3674-2abc-bbf94daa43fd}</UniqueIdentifier>
        </Filter>
        <Filter Include="HITSIC_Module\d_mk66f18\legacy_drivers">
            <UniqueIdentifier>{f6a76598-8c8e-d819-594f-c9401c2c89e4}</UniqueIdentifier>
        </Filter>
        <Filter Include="HITSIC_Module\d_mk66f18\legacy_drivers\deprecated">
            <UniqueIdentifier>{c8bf9c3e-92b2-cb7c-e715-426f741c43de}</UniqueIdentifier>
        </Filter>
        <Filter Include="HITSIC_Module\d_mk66f18\legacy_drivers\incompatible">
            <UniqueIdentifier>{3c5e72e0-5687-8705-5ba6-afdeccf02b31}</UniqueIdentifier>
        </Filter>
        <Filter Include="HITSIC_Module\utilities">
            <UniqueIdentifier>{cbfc8036-5d75-955d-1f7b-88159d228986}</UniqueIdentifier>
        </Filter>
        <Filter Include="HITSIC_Module\utilities\extlib">
            <UniqueIdentifier>{ec213d99-2114-7dca-b81a-44bd6f48f546}</UniqueIdentifier>
        </Filter>
        <Filter Include="HITSIC_Module\utilities\extlib\CmBacktrace-1.4.0">
            <UniqueIdentifier>{2855229f-1adc-96f6-b0fd-7c2cb9dcf607}</UniqueIdentifier>
        </Filter>
        <Filter Include="HITSIC_Module\utilities\extlib\CmBacktrace-1.4.0\cm_backtrace">
            <UniqueIdentifier>{0600b791-d045-9967-9f9a-88fb03340433}</UniqueIdentifier>
        </Filter>
        <Filter Include="HITSIC_Module\utilities\extlib\CmBacktrace-1.4.0\cm_backtrace\fault_handler">
            <UniqueIdentifier>{0fba7337-d9d7-dd77-dc8b-1e82c70a9850}</UniqueIdentifier>
        </Filter>
        <Filter Include="HITSIC_Module\utilities\extlib\CmBacktrace-1.4.0\cm_backtrace\fault_handler\gcc">
            <UniqueIdentifier>{abfbeffa-800a-ebcc-f027-897a9ac53ae8}</UniqueIdentifier>
        </Filter>
        <Filter Include="HITSIC_Module\utilities\extlib\CmBacktrace-1.4.0\cm_backtrace\fault_handler\iar">
            <UniqueIdentifier>{513b8230-7b56-3ad0-6326-6f49d7dc6172}</UniqueIdentifier>
        </Filter>
        <Filter Include="HITSIC_Module\utilities\extlib\CmBacktrace-1.4.0\cm_backtrace\fault_handler\keil">
            <UniqueIdentifier>{aaf3d593-2354-630a-bcdf-395914d9a686}</UniqueIdentifier>
        </Filter>
        <Filter Include="HITSIC_Module\utilities\extlib\CmBacktrace-1.4.0\docs">
            <UniqueIdentifier>{1dc94f99-1f7a-def2-63dc-7e41c933707b}</UniqueIdentifier>
        </Filter>
        <Filter Include="HITSIC_Module\utilities\extlib\CmBacktrace-1.4.0\docs\zh">
            <UniqueIdentifier>{2316699c-c732-1210-f194-a7988f8258eb}</UniqueIdentifier>
        </Filter>
        <Filter Include="HITSIC_Module\utilities\extlib\CmBacktrace-1.4.0\docs\zh\images">
            <UniqueIdentifier>{5373bb33-a522-a7fc-eeaf-3ba8be3eb54d}</UniqueIdentifier>
        </Filter>
        <Filter Include="HITSIC_Module\utilities\extlib\CmBacktrace-1.4.0\docs\zh\images\demo">
            <UniqueIdentifier>{2646bcf5-4fb4-070e-a175-b318edcf2029}</UniqueIdentifier>
        </Filter>
        <Filter Include="HITSIC_Module\utilities\extlib\EasyFlash-4.0.0">
            <UniqueIdentifier>{0429d43c-2d6e-b8ce-c38f-a65094be21e7}</UniqueIdentifier>
        </Filter>
        <Filter Include="HITSIC_Module\utilities\extlib\EasyFlash-4.0.0\easyflash">
            <UniqueIdentifier>{8483bd9f-c8ca-22b4-cb53-8df74d913f30}</UniqueIdentifier>
        </Filter>
        <Filter Include="HITSIC_Module\utilities\extlib\EasyFlash-4.0.0\easyflash\inc">
            <UniqueIdentifier>{2efcbc86-a74f-ee68-227a-d0676dd1c36a}</UniqueIdentifier>
        </Filter>
        <Filter Include="HITSIC_Module\utilities\extlib\EasyFlash-4.0.0\easyflash\plugins">
            <UniqueIdentifier>{6ceb6c99-3465-7342-605c-06289ff6741e}</UniqueIdentifier>
        </Filter>
        <Filter Include="HITSIC_Module\utilities\extlib\EasyFlash-4.0.0\easyflash\plugins\types">
            <UniqueIdentifier>{b3da4320-04a4-5adb-fc72-b7b03989abb5}</UniqueIdentifier>
        </Filter>
        <Filter Include="HITSIC_Module\utilities\extlib\EasyFlash-4.0.0\easyflash\plugins\types\struct2json">
            <UniqueIdentifier>{be50d9e3-a193-0ba9-7e62-4da8d3f0efc5}</UniqueIdentifier>
        </Filter>
        <Filter Include="HITSIC_Module\utilities\extlib\EasyFlash-4.0.0\easyflash\plugins\types\struct2json\inc">
            <UniqueIdentifier>{c3c5872a-63ac-fd26-4096-4e68f6c5b9d8}</UniqueIdentifier>
        </Filter>
        <Filter Include="HITSIC_Module\utilities\extlib\EasyFlash-4.0.0\easyflash\plugins\types\struct2json\src">
            <UniqueIdentifier>{7ad1f58e-f267-b9d8-f784-22880a8e9154}</UniqueIdentifier>
        </Filter>
        <Filter Include="HITSIC_Module\utilities\extlib\EasyFlash-4.0.0\easyflash\src">
            <UniqueIdentifier>{4cdc8a75-c44a-c649-fec6-8261a6a5fec3}</UniqueIdentifier>
        </Filter>
        <Filter Include="board">
            <UniqueIdentifier>{a16fcf78-44ce-adef-eac3-c5a933a168bb}</UniqueIdentifier>
        </Filter>
        <Filter Include="component">
            <UniqueIdentifier>{30f02b10-086b-d534-2603-74ca481a7996}</UniqueIdentifier>
        </Filter>
        <Filter Include="component\lists">
            <UniqueIdentifier>{510847c3-89ba-c7cf-481d-172a5e6876eb}</UniqueIdentifier>
        </Filter>
        <Filter Include="component\osa">
            <UniqueIdentifier>{9e208a0b-4e21-1b08-c85b-2563ec121a22}</UniqueIdentifier>
        </Filter>
        <Filter Include="component\serial_manager">
            <UniqueIdentifier>{7dce7d6f-cf39-2877-2f74-270b6ba2cbe3}</UniqueIdentifier>
        </Filter>
        <Filter Include="component\uart">
            <UniqueIdentifier>{766b9856-767b-8793-e5c0-846c73a0f196}</UniqueIdentifier>
        </Filter>
        <Filter Include="device">
            <UniqueIdentifier>{0290625a-e85d-bff6-71e7-d52d7b8235c3}</UniqueIdentifier>
        </Filter>
        <Filter Include="drivers">
            <UniqueIdentifier>{c8c463f2-9059-2908-6c42-91b6fcd10fe2}</UniqueIdentifier>
        </Filter>
        <Filter Include="fatfs">
            <UniqueIdentifier>{127e0596-0406-7c5f-4e67-41af6df5e67b}</UniqueIdentifier>
        </Filter>
        <Filter Include="fatfs\source">
            <UniqueIdentifier>{8538edee-bcdc-0154-6ddf-6d60679652f6}</UniqueIdentifier>
        </Filter>
        <Filter Include="fatfs\source\fsl_ram_disk">
            <UniqueIdentifier>{8b796632-1142-6f8f-7402-6c71510dcdfc}</UniqueIdentifier>
        </Filter>
        <Filter Include="fatfs\source\fsl_sd_disk">
            <UniqueIdentifier>{bcb9062a-bbd2-1f69-e989-d75ad4e0cce3}</UniqueIdentifier>
        </Filter>
        <Filter Include="libs">
            <UniqueIdentifier>{7f70652e-2113-8988-25ba-459348a9da44}</UniqueIdentifier>
        </Filter>
        <Filter Include="sdmmc">
            <UniqueIdentifier>{6d46fcc6-bc7d-5455-cf3f-0fa424ce7da8}</UniqueIdentifier>
        </Filter>
        <Filter Include="sdmmc\host">
            <UniqueIdentifier>{ee93236a-1388-e959-4f8e-cc1510d92d75}</UniqueIdentifier>
        </Filter>
        <Filter Include="sdmmc\inc">
            <UniqueIdentifier>{89ff81a3-bfbc-cf1b-2f01-f54f76305335}</UniqueIdentifier>
        </Filter>
        <Filter Include="sdmmc\osa">
            <UniqueIdentifier>{b6d29e07-0882-7f02-d55f-02d8eb9da77f}</UniqueIdentifier>
        </Filter>
        <Filter Include="sdmmc\src">
            <UniqueIdentifier>{1fb4d4ef-9570-70a8-f9e0-8a4aca4770ab}</UniqueIdentifier>
        </Filter>
        <Filter Include="source">
            <UniqueIdentifier>{091eb9e4-ee1f-3b84-e44b-f5fba8e65740}</UniqueIdentifier>
        </Filter>
        <Filter Include="startup">
            <UniqueIdentifier>{1e86d58d-7dd8-480e-3eea-dd85f0e2b3e8}</UniqueIdentifier>
        </Filter>
        <Filter Include="utilities">
            <UniqueIdentifier>{c6759121-c731-2edd-5e44-977f58d33dea}</UniqueIdentifier>
        </Filter>
    </ItemGroup>
    <ItemGroup>
        <ClCompile Include="HITSIC_Module\d_mk66f18\app_menu_port.c">
            <Filter>HITSIC_Module\d_mk66f18</Filter>
        </ClCompile>
        <ClCompile Include="HITSIC_Module\d_mk66f18\drv_dmadvp_port.cpp">
            <Filter>HITSIC_Module\d_mk66f18</Filter>
        </ClCompile>
        <ClCompile Include="HITSIC_Module\d_mk66f18\drv_imu_port.c">
            <Filter>HITSIC_Module\d_mk66f18</Filter>
        </ClCompile>
        <ClCompile Include="HITSIC_Module\d_mk66f18\extlib_port\EasyFlash-4.0.0\easyflash\port\ef_port.c">
            <Filter>HITSIC_Module\d_mk66f18\extlib_port\EasyFlash-4.0.0\easyflash\port</Filter>
        </ClCompile>
        <ClCompile Include="HITSIC_Module\d_mk66f18\hitsic_common.c">
            <Filter>HITSIC_Module\d_mk66f18</Filter>
        </ClCompile>
        <ClCompile Include="HITSIC_Module\d_mk66f18\legacy_drivers\SmartCar_Ftm.c">
            <Filter>HITSIC_Module\d_mk66f18\legacy_drivers</Filter>
        </ClCompile>
        <ClCompile Include="HITSIC_Module\d_mk66f18\legacy_drivers\SmartCar_Upload.c">
            <Filter>HITSIC_Module\d_mk66f18\legacy_drivers</Filter>
        </ClCompile>
        <ClCompile Include="HITSIC_Module\d_mk66f18\legacy_drivers\SmartCar_Wdog.c">
            <Filter>HITSIC_Module\d_mk66f18\legacy_drivers</Filter>
        </ClCompile>
        <ClCompile Include="HITSIC_Module\d_mk66f18\legacy_drivers\deprecated\SmartCar_Beep.c">
            <Filter>HITSIC_Module\d_mk66f18\legacy_drivers\deprecated</Filter>
        </ClCompile>
        <ClCompile Include="HITSIC_Module\d_mk66f18\legacy_drivers\deprecated\SmartCar_Boma.c">
            <Filter>HITSIC_Module\d_mk66f18\legacy_drivers\deprecated</Filter>
        </ClCompile>
        <ClCompile Include="HITSIC_Module\d_mk66f18\legacy_drivers\deprecated\SmartCar_Key.c">
            <Filter>HITSIC_Module\d_mk66f18\legacy_drivers\deprecated</Filter>
        </ClCompile>
        <ClCompile Include="HITSIC_Module\d_mk66f18\legacy_drivers\deprecated\SmartCar_LED.c">
            <Filter>HITSIC_Module\d_mk66f18\legacy_drivers\deprecated</Filter>
        </ClCompile>
        <ClCompile Include="HITSIC_Module\d_mk66f18\legacy_drivers\deprecated\SmartCar_OLED.c">
            <Filter>HITSIC_Module\d_mk66f18\legacy_drivers\deprecated</Filter>
        </ClCompile>
        <ClCompile Include="HITSIC_Module\d_mk66f18\legacy_drivers\deprecated\SmartCar_Systick.c">
            <Filter>HITSIC_Module\d_mk66f18\legacy_drivers\deprecated</Filter>
        </ClCompile>
        <ClCompile Include="HITSIC_Module\d_mk66f18\legacy_drivers\drv_cam.c">
            <Filter>HITSIC_Module\d_mk66f18\legacy_drivers</Filter>
        </ClCompile>
        <ClCompile Include="HITSIC_Module\d_mk66f18\legacy_drivers\incompatible\SmartCar_AD5206.c">
            <Filter>HITSIC_Module\d_mk66f18\legacy_drivers\incompatible</Filter>
        </ClCompile>
        <ClCompile Include="HITSIC_Module\d_mk66f18\legacy_drivers\incompatible\SmartCar_ADC.c">
            <Filter>HITSIC_Module\d_mk66f18\legacy_drivers\incompatible</Filter>
        </ClCompile>
        <ClCompile Include="HITSIC_Module\d_mk66f18\legacy_drivers\incompatible\SmartCar_ADC_dma.c">
            <Filter>HITSIC_Module\d_mk66f18\legacy_drivers\incompatible</Filter>
        </ClCompile>
        <ClCompile Include="HITSIC_Module\d_mk66f18\legacy_drivers\incompatible\SmartCar_Camera.c">
            <Filter>HITSIC_Module\d_mk66f18\legacy_drivers\incompatible</Filter>
        </ClCompile>
        <ClCompile Include="HITSIC_Module\d_mk66f18\legacy_drivers\incompatible\SmartCar_Pit.c">
            <Filter>HITSIC_Module\d_mk66f18\legacy_drivers\incompatible</Filter>
        </ClCompile>
        <ClCompile Include="HITSIC_Module\d_mk66f18\legacy_drivers\incompatible\SmartCar_Sd.c">
            <Filter>HITSIC_Module\d_mk66f18\legacy_drivers\incompatible</Filter>
        </ClCompile>
        <ClCompile Include="HITSIC_Module\d_mk66f18\legacy_drivers\incompatible\SmartCar_TF.c">
            <Filter>HITSIC_Module\d_mk66f18\legacy_drivers\incompatible</Filter>
        </ClCompile>
        <ClCompile Include="HITSIC_Module\d_mk66f18\sys_extint_port.cpp">
            <Filter>HITSIC_Module\d_mk66f18</Filter>
        </ClCompile>
        <ClCompile Include="HITSIC_Module\d_mk66f18\sys_pitmgr_port.cpp">
            <Filter>HITSIC_Module\d_mk66f18</Filter>
        </ClCompile>
        <ClCompile Include="HITSIC_Module\d_mk66f18\sys_uartmgr_port.cpp">
            <Filter>HITSIC_Module\d_mk66f18</Filter>
        </ClCompile>
        <ClCompile Include="HITSIC_Module\utilities\app_menu.c">
            <Filter>HITSIC_Module\utilities</Filter>
        </ClCompile>
        <ClCompile Include="HITSIC_Module\utilities\app_menu_button.c">
            <Filter>HITSIC_Module\utilities</Filter>
        </ClCompile>
        <ClCompile Include="HITSIC_Module\utilities\app_menu_nvm.c">
            <Filter>HITSIC_Module\utilities</Filter>
        </ClCompile>
        <ClCompile Include="HITSIC_Module\utilities\app_menu_type.c">
            <Filter>HITSIC_Module\utilities</Filter>
        </ClCompile>
        <ClCompile Include="HITSIC_Module\utilities\drv_button.c">
            <Filter>HITSIC_Module\utilities</Filter>
        </ClCompile>
        <ClCompile Include="HITSIC_Module\utilities\drv_cam_zf9v034.cpp">
            <Filter>HITSIC_Module\utilities</Filter>
        </ClCompile>
        <ClCompile Include="HITSIC_Module\utilities\drv_disp_font.cpp">
            <Filter>HITSIC_Module\utilities</Filter>
        </ClCompile>
        <ClCompile Include="HITSIC_Module\utilities\drv_disp_ssd1306.cpp">
            <Filter>HITSIC_Module\utilities</Filter>
        </ClCompile>
        <ClCompile Include="HITSIC_Module\utilities\drv_disp_st7789.cpp">
            <Filter>HITSIC_Module\utilities</Filter>
        </ClCompile>
        <ClCompile Include="HITSIC_Module\utilities\drv_dmadvp.cpp">
            <Filter>HITSIC_Module\utilities</Filter>
        </ClCompile>
        <ClCompile Include="HITSIC_Module\utilities\drv_ftfx_flash.c">
            <Filter>HITSIC_Module\utilities</Filter>
        </ClCompile>
        <ClCompile Include="HITSIC_Module\utilities\drv_imu_invensense.c">
            <Filter>HITSIC_Module\utilities</Filter>
        </ClCompile>
        <ClCompile Include="HITSIC_Module\utilities\extlib\CmBacktrace-1.4.0\cm_backtrace\cm_backtrace.c">
            <Filter>HITSIC_Module\utilities\extlib\CmBacktrace-1.4.0\cm_backtrace</Filter>
        </ClCompile>
        <ClCompile Include="HITSIC_Module\utilities\extlib\EasyFlash-4.0.0\easyflash\plugins\types\ef_types.c">
            <Filter>HITSIC_Module\utilities\extlib\EasyFlash-4.0.0\easyflash\plugins\types</Filter>
        </ClCompile>
        <ClCompile Include="HITSIC_Module\utilities\extlib\EasyFlash-4.0.0\easyflash\plugins\types\struct2json\src\cJSON.c">
            <Filter>HITSIC_Module\utilities\extlib\EasyFlash-4.0.0\easyflash\plugins\types\struct2json\src</Filter>
        </ClCompile>
        <ClCompile Include="HITSIC_Module\utilities\extlib\EasyFlash-4.0.0\easyflash\plugins\types\struct2json\src\s2j.c">
            <Filter>HITSIC_Module\utilities\extlib\EasyFlash-4.0.0\easyflash\plugins\types\struct2json\src</Filter>
        </ClCompile>
        <ClCompile Include="HITSIC_Module\utilities\extlib\EasyFlash-4.0.0\easyflash\src\easyflash.c">
            <Filter>HITSIC_Module\utilities\extlib\EasyFlash-4.0.0\easyflash\src</Filter>
        </ClCompile>
        <ClCompile Include="HITSIC_Module\utilities\extlib\EasyFlash-4.0.0\easyflash\src\ef_env.c">
            <Filter>HITSIC_Module\utilities\extlib\EasyFlash-4.0.0\easyflash\src</Filter>
        </ClCompile>
        <ClCompile Include="HITSIC_Module\utilities\extlib\EasyFlash-4.0.0\easyflash\src\ef_env_legacy.c">
            <Filter>HITSIC_Module\utilities\extlib\EasyFlash-4.0.0\easyflash\src</Filter>
        </ClCompile>
        <ClCompile Include="HITSIC_Module\utilities\extlib\EasyFlash-4.0.0\easyflash\src\ef_env_legacy_wl.c">
            <Filter>HITSIC_Module\utilities\extlib\EasyFlash-4.0.0\easyflash\src</Filter>
        </ClCompile>
        <ClCompile Include="HITSIC_Module\utilities\extlib\EasyFlash-4.0.0\easyflash\src\ef_iap.c">
            <Filter>HITSIC_Module\utilities\extlib\EasyFlash-4.0.0\easyflash\src</Filter>
        </ClCompile>
        <ClCompile Include="HITSIC_Module\utilities\extlib\EasyFlash-4.0.0\easyflash\src\ef_log.c">
            <Filter>HITSIC_Module\utilities\extlib\EasyFlash-4.0.0\easyflash\src</Filter>
        </ClCompile>
        <ClCompile Include="HITSIC_Module\utilities\extlib\EasyFlash-4.0.0\easyflash\src\ef_utils.c">
            <Filter>HITSIC_Module\utilities\extlib\EasyFlash-4.0.0\easyflash\src</Filter>
        </ClCompile>
        <ClCompile Include="HITSIC_Module\utilities\lib_adrcctrl.c">
            <Filter>HITSIC_Module\utilities</Filter>
        </ClCompile>
        <ClCompile Include="HITSIC_Module\utilities\lib_disp_common.cpp">
            <Filter>HITSIC_Module\utilities</Filter>
        </ClCompile>
        <ClCompile Include="HITSIC_Module\utilities\lib_graphic.cpp">
            <Filter>HITSIC_Module\utilities</Filter>
        </ClCompile>
        <ClCompile Include="HITSIC_Module\utilities\lib_graphic_font.cpp">
            <Filter>HITSIC_Module\utilities</Filter>
        </ClCompile>
        <ClCompile Include="HITSIC_Module\utilities\lib_list.c">
            <Filter>HITSIC_Module\utilities</Filter>
        </ClCompile>
        <ClCompile Include="HITSIC_Module\utilities\lib_pidctrl.c">
            <Filter>HITSIC_Module\utilities</Filter>
        </ClCompile>
        <ClCompile Include="HITSIC_Module\utilities\sys_extint.cpp">
            <Filter>HITSIC_Module\utilities</Filter>
        </ClCompile>
        <ClCompile Include="HITSIC_Module\utilities\sys_pitmgr.cpp">
            <Filter>HITSIC_Module\utilities</Filter>
        </ClCompile>
        <ClCompile Include="HITSIC_Module\utilities\sys_rmcall.cpp">
            <Filter>HITSIC_Module\utilities</Filter>
        </ClCompile>
        <ClCompile Include="HITSIC_Module\utilities\sys_uartmgr.cpp">
            <Filter>HITSIC_Module\utilities</Filter>
        </ClCompile>
        <ClCompile Include="board\board.c">
            <Filter>board</Filter>
        </ClCompile>
        <ClCompile Include="board\clock_config.c">
            <Filter>board</Filter>
        </ClCompile>
        <ClCompile Include="board\peripherals.c">
            <Filter>board</Filter>
        </ClCompile>
        <ClCompile Include="board\peripherals.c.bak">
            <Filter>board</Filter>
        </ClCompile>
        <ClCompile Include="board\pin_mux.c">
            <Filter>board</Filter>
        </ClCompile>
        <ClCompile Include="board\pin_mux.c.bak">
            <Filter>board</Filter>
        </ClCompile>
        <ClCompile Include="board\sdmmc_config.c">
            <Filter>board</Filter>
        </ClCompile>
        <ClCompile Include="component\lists\generic_list.c">
            <Filter>component\lists</Filter>
        </ClCompile>
        <ClCompile Include="component\osa\fsl_os_abstraction_bm.c">
            <Filter>component\osa</Filter>
        </ClCompile>
        <ClCompile Include="component\serial_manager\serial_manager.c">
            <Filter>component\serial_manager</Filter>
        </ClCompile>
        <ClCompile Include="component\serial_manager\serial_port_uart.c">
            <Filter>component\serial_manager</Filter>
        </ClCompile>
        <ClCompile Include="component\uart\lpuart_adapter.c">
            <Filter>component\uart</Filter>
        </ClCompile>
        <ClCompile Include="component\uart\uart_adapter.c">
            <Filter>component\uart</Filter>
        </ClCompile>
        <ClCompile Include="device\system_MK66F18.c">
            <Filter>device</Filter>
        </ClCompile>
        <ClCompile Include="drivers\fsl_adc16.c">
            <Filter>drivers</Filter>
        </ClCompile>
        <ClCompile Include="drivers\fsl_cache.c">
            <Filter>drivers</Filter>
        </ClCompile>
        <ClCompile Include="drivers\fsl_clock.c">
            <Filter>drivers</Filter>
        </ClCompile>
        <ClCompile Include="drivers\fsl_cmp.c">
            <Filter>drivers</Filter>
        </ClCompile>
        <ClCompile Include="drivers\fsl_cmt.c">
            <Filter>drivers</Filter>
        </ClCompile>
        <ClCompile Include="drivers\fsl_common.c">
            <Filter>drivers</Filter>
        </ClCompile>
        <ClCompile Include="drivers\fsl_crc.c">
            <Filter>drivers</Filter>
        </ClCompile>
        <ClCompile Include="drivers\fsl_dac.c">
            <Filter>drivers</Filter>
        </ClCompile>
        <ClCompile Include="drivers\fsl_dmamux.c">
            <Filter>drivers</Filter>
        </ClCompile>
        <ClCompile Include="drivers\fsl_dspi.c">
            <Filter>drivers</Filter>
        </ClCompile>
        <ClCompile Include="drivers\fsl_dspi_edma.c">
            <Filter>drivers</Filter>
        </ClCompile>
        <ClCompile Include="drivers\fsl_edma.c">
            <Filter>drivers</Filter>
        </ClCompile>
        <ClCompile Include="drivers\fsl_enet.c">
            <Filter>drivers</Filter>
        </ClCompile>
        <ClCompile Include="drivers\fsl_ewm.c">
            <Filter>drivers</Filter>
        </ClCompile>
        <ClCompile Include="drivers\fsl_flexbus.c">
            <Filter>drivers</Filter>
        </ClCompile>
        <ClCompile Include="drivers\fsl_flexcan.c">
            <Filter>drivers</Filter>
        </ClCompile>
        <ClCompile Include="drivers\fsl_ftfx_cache.c">
            <Filter>drivers</Filter>
        </ClCompile>
        <ClCompile Include="drivers\fsl_ftfx_controller.c">
            <Filter>drivers</Filter>
        </ClCompile>
        <ClCompile Include="drivers\fsl_ftfx_flash.c">
            <Filter>drivers</Filter>
        </ClCompile>
        <ClCompile Include="drivers\fsl_ftfx_flexnvm.c">
            <Filter>drivers</Filter>
        </ClCompile>
        <ClCompile Include="drivers\fsl_ftm.c">
            <Filter>drivers</Filter>
        </ClCompile>
        <ClCompile Include="drivers\fsl_gpio.c">
            <Filter>drivers</Filter>
        </ClCompile>
        <ClCompile Include="drivers\fsl_i2c.c">
            <Filter>drivers</Filter>
        </ClCompile>
        <ClCompile Include="drivers\fsl_i2c_edma.c">
            <Filter>drivers</Filter>
        </ClCompile>
        <ClCompile Include="drivers\fsl_llwu.c">
            <Filter>drivers</Filter>
        </ClCompile>
        <ClCompile Include="drivers\fsl_lmem_cache.c">
            <Filter>drivers</Filter>
        </ClCompile>
        <ClCompile Include="drivers\fsl_lptmr.c">
            <Filter>drivers</Filter>
        </ClCompile>
        <ClCompile Include="drivers\fsl_lpuart.c">
            <Filter>drivers</Filter>
        </ClCompile>
        <ClCompile Include="drivers\fsl_lpuart_edma.c">
            <Filter>drivers</Filter>
        </ClCompile>
        <ClCompile Include="drivers\fsl_pdb.c">
            <Filter>drivers</Filter>
        </ClCompile>
        <ClCompile Include="drivers\fsl_pit.c">
            <Filter>drivers</Filter>
        </ClCompile>
        <ClCompile Include="drivers\fsl_pmc.c">
            <Filter>drivers</Filter>
        </ClCompile>
        <ClCompile Include="drivers\fsl_rcm.c">
            <Filter>drivers</Filter>
        </ClCompile>
        <ClCompile Include="drivers\fsl_rnga.c">
            <Filter>drivers</Filter>
        </ClCompile>
        <ClCompile Include="drivers\fsl_rtc.c">
            <Filter>drivers</Filter>
        </ClCompile>
        <ClCompile Include="drivers\fsl_sai.c">
            <Filter>drivers</Filter>
        </ClCompile>
        <ClCompile Include="drivers\fsl_sai_edma.c">
            <Filter>drivers</Filter>
        </ClCompile>
        <ClCompile Include="drivers\fsl_sdhc.c">
            <Filter>drivers</Filter>
        </ClCompile>
        <ClCompile Include="drivers\fsl_sdramc.c">
            <Filter>drivers</Filter>
        </ClCompile>
        <ClCompile Include="drivers\fsl_sim.c">
            <Filter>drivers</Filter>
        </ClCompile>
        <ClCompile Include="drivers\fsl_smc.c">
            <Filter>drivers</Filter>
        </ClCompile>
        <ClCompile Include="drivers\fsl_sysmpu.c">
            <Filter>drivers</Filter>
        </ClCompile>
        <ClCompile Include="drivers\fsl_tpm.c">
            <Filter>drivers</Filter>
        </ClCompile>
        <ClCompile Include="drivers\fsl_tsi_v4.c">
            <Filter>drivers</Filter>
        </ClCompile>
        <ClCompile Include="drivers\fsl_uart.c">
            <Filter>drivers</Filter>
        </ClCompile>
        <ClCompile Include="drivers\fsl_uart_edma.c">
            <Filter>drivers</Filter>
        </ClCompile>
        <ClCompile Include="drivers\fsl_vref.c">
            <Filter>drivers</Filter>
        </ClCompile>
        <ClCompile Include="drivers\fsl_wdog.c">
            <Filter>drivers</Filter>
        </ClCompile>
        <ClCompile Include="fatfs\source\diskio.c">
            <Filter>fatfs\source</Filter>
        </ClCompile>
        <ClCompile Include="fatfs\source\ff.c">
            <Filter>fatfs\source</Filter>
        </ClCompile>
        <ClCompile Include="fatfs\source\ffsystem.c">
            <Filter>fatfs\source</Filter>
        </ClCompile>
        <ClCompile Include="fatfs\source\ffunicode.c">
            <Filter>fatfs\source</Filter>
        </ClCompile>
        <ClCompile Include="fatfs\source\fsl_ram_disk\fsl_ram_disk.c">
            <Filter>fatfs\source\fsl_ram_disk</Filter>
        </ClCompile>
        <ClCompile Include="fatfs\source\fsl_sd_disk\fsl_sd_disk.c">
            <Filter>fatfs\source\fsl_sd_disk</Filter>
        </ClCompile>
        <ClCompile Include="sdmmc\host\fsl_sdmmc_host.c">
            <Filter>sdmmc\host</Filter>
        </ClCompile>
        <ClCompile Include="sdmmc\osa\fsl_sdmmc_osa.c">
            <Filter>sdmmc\osa</Filter>
        </ClCompile>
        <ClCompile Include="sdmmc\src\fsl_sd.c">
            <Filter>sdmmc\src</Filter>
        </ClCompile>
        <ClCompile Include="sdmmc\src\fsl_sdio.c">
            <Filter>sdmmc\src</Filter>
        </ClCompile>
        <ClCompile Include="sdmmc\src\fsl_sdmmc_common.c">
            <Filter>sdmmc\src</Filter>
        </ClCompile>
        <ClCompile Include="source\isr.cpp">
            <Filter>source</Filter>
        </ClCompile>
        <ClCompile Include="source\main.cpp">
            <Filter>source</Filter>
        </ClCompile>
        <ClCompile Include="startup\startup_mk66f18.cpp">
            <Filter>startup</Filter>
        </ClCompile>
        <ClCompile Include="utilities\fsl_assert.c">
            <Filter>utilities</Filter>
        </ClCompile>
        <ClCompile Include="utilities\fsl_debug_console.c">
            <Filter>utilities</Filter>
        </ClCompile>
        <ClCompile Include="utilities\fsl_shell.c">
            <Filter>utilities</Filter>
        </ClCompile>
        <ClCompile Include="utilities\fsl_str.c">
            <Filter>utilities</Filter>
        </ClCompile>
    </ItemGroup>
    <ItemGroup>
        <ClInclude Include="CMSIS\arm_common_tables.h">
            <Filter>CMSIS</Filter>
        </ClInclude>
        <ClInclude Include="CMSIS\arm_const_structs.h">
            <Filter>CMSIS</Filter>
        </ClInclude>
        <ClInclude Include="CMSIS\arm_helium_utils.h">
            <Filter>CMSIS</Filter>
        </ClInclude>
        <ClInclude Include="CMSIS\arm_math.h">
            <Filter>CMSIS</Filter>
        </ClInclude>
        <ClInclude Include="CMSIS\arm_mve_tables.h">
            <Filter>CMSIS</Filter>
        </ClInclude>
        <ClInclude Include="CMSIS\arm_vec_math.h">
            <Filter>CMSIS</Filter>
        </ClInclude>
        <ClInclude Include="CMSIS\cachel1_armv7.h">
            <Filter>CMSIS</Filter>
        </ClInclude>
        <ClInclude Include="CMSIS\cmsis_armcc.h">
            <Filter>CMSIS</Filter>
        </ClInclude>
        <ClInclude Include="CMSIS\cmsis_armclang.h">
            <Filter>CMSIS</Filter>
        </ClInclude>
        <ClInclude Include="CMSIS\cmsis_armclang_ltm.h">
            <Filter>CMSIS</Filter>
        </ClInclude>
        <ClInclude Include="CMSIS\cmsis_compiler.h">
            <Filter>CMSIS</Filter>
        </ClInclude>
        <ClInclude Include="CMSIS\cmsis_gcc.h">
            <Filter>CMSIS</Filter>
        </ClInclude>
        <ClInclude Include="CMSIS\cmsis_iccarm.h">
            <Filter>CMSIS</Filter>
        </ClInclude>
        <ClInclude Include="CMSIS\cmsis_version.h">
            <Filter>CMSIS</Filter>
        </ClInclude>
        <ClInclude Include="CMSIS\core_armv81mml.h">
            <Filter>CMSIS</Filter>
        </ClInclude>
        <ClInclude Include="CMSIS\core_armv8mbl.h">
            <Filter>CMSIS</Filter>
        </ClInclude>
        <ClInclude Include="CMSIS\core_armv8mml.h">
            <Filter>CMSIS</Filter>
        </ClInclude>
        <ClInclude Include="CMSIS\core_cm0.h">
            <Filter>CMSIS</Filter>
        </ClInclude>
        <ClInclude Include="CMSIS\core_cm0plus.h">
            <Filter>CMSIS</Filter>
        </ClInclude>
        <ClInclude Include="CMSIS\core_cm1.h">
            <Filter>CMSIS</Filter>
        </ClInclude>
        <ClInclude Include="CMSIS\core_cm23.h">
            <Filter>CMSIS</Filter>
        </ClInclude>
        <ClInclude Include="CMSIS\core_cm3.h">
            <Filter>CMSIS</Filter>
        </ClInclude>
        <ClInclude Include="CMSIS\core_cm33.h">
            <Filter>CMSIS</Filter>
        </ClInclude>
        <ClInclude Include="CMSIS\core_cm35p.h">
            <Filter>CMSIS</Filter>
        </ClInclude>
        <ClInclude Include="CMSIS\core_cm4.h">
            <Filter>CMSIS</Filter>
        </ClInclude>
        <ClInclude Include="CMSIS\core_cm55.h">
            <Filter>CMSIS</Filter>
        </ClInclude>
        <ClInclude Include="CMSIS\core_cm7.h">
            <Filter>CMSIS</Filter>
        </ClInclude>
        <ClInclude Include="CMSIS\core_sc000.h">
            <Filter>CMSIS</Filter>
        </ClInclude>
        <ClInclude Include="CMSIS\core_sc300.h">
            <Filter>CMSIS</Filter>
        </ClInclude>
        <ClInclude Include="CMSIS\mpu_armv7.h">
            <Filter>CMSIS</Filter>
        </ClInclude>
        <ClInclude Include="CMSIS\mpu_armv8.h">
            <Filter>CMSIS</Filter>
        </ClInclude>
        <ClInclude Include="CMSIS\pmu_armv8.h">
            <Filter>CMSIS</Filter>
        </ClInclude>
        <ClInclude Include="CMSIS\tz_context.h">
            <Filter>CMSIS</Filter>
        </ClInclude>
        <ClInclude Include="HITSIC_Module\d_mk66f18\app_menu_port.h">
            <Filter>HITSIC_Module\d_mk66f18</Filter>
        </ClInclude>
        <ClInclude Include="HITSIC_Module\d_mk66f18\drv_cam_zf9v034_port.hpp">
            <Filter>HITSIC_Module\d_mk66f18</Filter>
        </ClInclude>
        <ClInclude Include="HITSIC_Module\d_mk66f18\drv_disp_ssd1306_port.hpp">
            <Filter>HITSIC_Module\d_mk66f18</Filter>
        </ClInclude>
        <ClInclude Include="HITSIC_Module\d_mk66f18\drv_dmadvp_port.hpp">
            <Filter>HITSIC_Module\d_mk66f18</Filter>
        </ClInclude>
        <ClInclude Include="HITSIC_Module\d_mk66f18\drv_imu_port.h">
            <Filter>HITSIC_Module\d_mk66f18</Filter>
        </ClInclude>
        <ClInclude Include="HITSIC_Module\d_mk66f18\extlib_port\CmBacktrace-1.4.0\cm_backtrace\cmb_cfg.h">
            <Filter>HITSIC_Module\d_mk66f18\extlib_port\CmBacktrace-1.4.0\cm_backtrace</Filter>
        </ClInclude>
        <ClInclude Include="HITSIC_Module\d_mk66f18\extlib_port\CmBacktrace-1.4.0\cm_backtrace\cmb_def.h">
            <Filter>HITSIC_Module\d_mk66f18\extlib_port\CmBacktrace-1.4.0\cm_backtrace</Filter>
        </ClInclude>
        <ClInclude Include="HITSIC_Module\d_mk66f18\extlib_port\EasyFlash-4.0.0\easyflash\port\ef_cfg.h">
            <Filter>HITSIC_Module\d_mk66f18\extlib_port\EasyFlash-4.0.0\easyflash\port</Filter>
        </ClInclude>
        <ClInclude Include="HITSIC_Module\d_mk66f18\hitsic_common.h">
            <Filter>HITSIC_Module\d_mk66f18</Filter>
        </ClInclude>
        <ClInclude Include="HITSIC_Module\d_mk66f18\inc_fsl_mk66f18.h">
            <Filter>HITSIC_Module\d_mk66f18</Filter>
        </ClInclude>
        <ClInclude Include="HITSIC_Module\d_mk66f18\legacy_drivers\SmartCar_Ftm.h">
            <Filter>HITSIC_Module\d_mk66f18\legacy_drivers</Filter>
        </ClInclude>
        <ClInclude Include="HITSIC_Module\d_mk66f18\legacy_drivers\SmartCar_Upload.h">
            <Filter>HITSIC_Module\d_mk66f18\legacy_drivers</Filter>
        </ClInclude>
        <ClInclude Include="HITSIC_Module\d_mk66f18\legacy_drivers\SmartCar_Wdog.h">
            <Filter>HITSIC_Module\d_mk66f18\legacy_drivers</Filter>
        </ClInclude>
        <ClInclude Include="HITSIC_Module\d_mk66f18\legacy_drivers\deprecated\SmartCar_Beep.h">
            <Filter>HITSIC_Module\d_mk66f18\legacy_drivers\deprecated</Filter>
        </ClInclude>
        <ClInclude Include="HITSIC_Module\d_mk66f18\legacy_drivers\deprecated\SmartCar_Boma.h">
            <Filter>HITSIC_Module\d_mk66f18\legacy_drivers\deprecated</Filter>
        </ClInclude>
        <ClInclude Include="HITSIC_Module\d_mk66f18\legacy_drivers\deprecated\SmartCar_Key.h">
            <Filter>HITSIC_Module\d_mk66f18\legacy_drivers\deprecated</Filter>
        </ClInclude>
        <ClInclude Include="HITSIC_Module\d_mk66f18\legacy_drivers\deprecated\SmartCar_LED.h">
            <Filter>HITSIC_Module\d_mk66f18\legacy_drivers\deprecated</Filter>
        </ClInclude>
        <ClInclude Include="HITSIC_Module\d_mk66f18\legacy_drivers\deprecated\SmartCar_OLED.h">
            <Filter>HITSIC_Module\d_mk66f18\legacy_drivers\deprecated</Filter>
        </ClInclude>
        <ClInclude Include="HITSIC_Module\d_mk66f18\legacy_drivers\deprecated\SmartCar_Systick.h">
            <Filter>HITSIC_Module\d_mk66f18\legacy_drivers\deprecated</Filter>
        </ClInclude>
        <ClInclude Include="HITSIC_Module\d_mk66f18\legacy_drivers\drv_cam.h">
            <Filter>HITSIC_Module\d_mk66f18\legacy_drivers</Filter>
        </ClInclude>
        <ClInclude Include="HITSIC_Module\d_mk66f18\legacy_drivers\drv_cam_def.h">
            <Filter>HITSIC_Module\d_mk66f18\legacy_drivers</Filter>
        </ClInclude>
        <ClInclude Include="HITSIC_Module\d_mk66f18\legacy_drivers\include.h">
            <Filter>HITSIC_Module\d_mk66f18\legacy_drivers</Filter>
        </ClInclude>
        <ClInclude Include="HITSIC_Module\d_mk66f18\legacy_drivers\incompatible\SmartCar_AD5206.h">
            <Filter>HITSIC_Module\d_mk66f18\legacy_drivers\incompatible</Filter>
        </ClInclude>
        <ClInclude Include="HITSIC_Module\d_mk66f18\legacy_drivers\incompatible\SmartCar_ADC.h">
            <Filter>HITSIC_Module\d_mk66f18\legacy_drivers\incompatible</Filter>
        </ClInclude>
        <ClInclude Include="HITSIC_Module\d_mk66f18\legacy_drivers\incompatible\SmartCar_ADC_dma.h">
            <Filter>HITSIC_Module\d_mk66f18\legacy_drivers\incompatible</Filter>
        </ClInclude>
        <ClInclude Include="HITSIC_Module\d_mk66f18\legacy_drivers\incompatible\SmartCar_Camera.h">
            <Filter>HITSIC_Module\d_mk66f18\legacy_drivers\incompatible</Filter>
        </ClInclude>
        <ClInclude Include="HITSIC_Module\d_mk66f18\legacy_drivers\incompatible\SmartCar_Pit.h">
            <Filter>HITSIC_Module\d_mk66f18\legacy_drivers\incompatible</Filter>
        </ClInclude>
        <ClInclude Include="HITSIC_Module\d_mk66f18\legacy_drivers\incompatible\SmartCar_Sd.h">
            <Filter>HITSIC_Module\d_mk66f18\legacy_drivers\incompatible</Filter>
        </ClInclude>
        <ClInclude Include="HITSIC_Module\d_mk66f18\legacy_drivers\incompatible\SmartCar_TF.h">
            <Filter>HITSIC_Module\d_mk66f18\legacy_drivers\incompatible</Filter>
        </ClInclude>
        <ClInclude Include="HITSIC_Module\d_mk66f18\sys_extint_port.hpp">
            <Filter>HITSIC_Module\d_mk66f18</Filter>
        </ClInclude>
        <ClInclude Include="HITSIC_Module\d_mk66f18\sys_pitmgr_port.hpp">
            <Filter>HITSIC_Module\d_mk66f18</Filter>
        </ClInclude>
        <ClInclude Include="HITSIC_Module\d_mk66f18\sys_uartmgr_port.hpp">
            <Filter>HITSIC_Module\d_mk66f18</Filter>
        </ClInclude>
        <ClInclude Include="HITSIC_Module\utilities\app_menu.h">
            <Filter>HITSIC_Module\utilities</Filter>
        </ClInclude>
        <ClInclude Include="HITSIC_Module\utilities\app_menu_button.h">
            <Filter>HITSIC_Module\utilities</Filter>
        </ClInclude>
        <ClInclude Include="HITSIC_Module\utilities\app_menu_def.h">
            <Filter>HITSIC_Module\utilities</Filter>
        </ClInclude>
        <ClInclude Include="HITSIC_Module\utilities\app_menu_nvm.h">
            <Filter>HITSIC_Module\utilities</Filter>
        </ClInclude>
        <ClInclude Include="HITSIC_Module\utilities\app_menu_type.h">
            <Filter>HITSIC_Module\utilities</Filter>
        </ClInclude>
        <ClInclude Include="HITSIC_Module\utilities\drv_button.h">
            <Filter>HITSIC_Module\utilities</Filter>
        </ClInclude>
        <ClInclude Include="HITSIC_Module\utilities\drv_cam_zf9v034.hpp">
            <Filter>HITSIC_Module\utilities</Filter>
        </ClInclude>
        <ClInclude Include="HITSIC_Module\utilities\drv_disp_ssd1306.hpp">
            <Filter>HITSIC_Module\utilities</Filter>
        </ClInclude>
        <ClInclude Include="HITSIC_Module\utilities\drv_disp_st7789.hpp">
            <Filter>HITSIC_Module\utilities</Filter>
        </ClInclude>
        <ClInclude Include="HITSIC_Module\utilities\drv_dmadvp.hpp">
            <Filter>HITSIC_Module\utilities</Filter>
        </ClInclude>
        <ClInclude Include="HITSIC_Module\utilities\drv_ftfx_flash.h">
            <Filter>HITSIC_Module\utilities</Filter>
        </ClInclude>
        <ClInclude Include="HITSIC_Module\utilities\drv_imu_invensense.h">
            <Filter>HITSIC_Module\utilities</Filter>
        </ClInclude>
        <ClInclude Include="HITSIC_Module\utilities\extlib\CmBacktrace-1.4.0\cm_backtrace\cm_backtrace.h">
            <Filter>HITSIC_Module\utilities\extlib\CmBacktrace-1.4.0\cm_backtrace</Filter>
        </ClInclude>
        <ClInclude Include="HITSIC_Module\utilities\extlib\EasyFlash-4.0.0\easyflash\inc\easyflash.h">
            <Filter>HITSIC_Module\utilities\extlib\EasyFlash-4.0.0\easyflash\inc</Filter>
        </ClInclude>
        <ClInclude Include="HITSIC_Module\utilities\extlib\EasyFlash-4.0.0\easyflash\plugins\types\ef_types.h">
            <Filter>HITSIC_Module\utilities\extlib\EasyFlash-4.0.0\easyflash\plugins\types</Filter>
        </ClInclude>
        <ClInclude Include="HITSIC_Module\utilities\extlib\EasyFlash-4.0.0\easyflash\plugins\types\struct2json\inc\cJSON.h">
            <Filter>HITSIC_Module\utilities\extlib\EasyFlash-4.0.0\easyflash\plugins\types\struct2json\inc</Filter>
        </ClInclude>
        <ClInclude Include="HITSIC_Module\utilities\extlib\EasyFlash-4.0.0\easyflash\plugins\types\struct2json\inc\s2j.h">
            <Filter>HITSIC_Module\utilities\extlib\EasyFlash-4.0.0\easyflash\plugins\types\struct2json\inc</Filter>
        </ClInclude>
        <ClInclude Include="HITSIC_Module\utilities\extlib\EasyFlash-4.0.0\easyflash\plugins\types\struct2json\inc\s2jdef.h">
            <Filter>HITSIC_Module\utilities\extlib\EasyFlash-4.0.0\easyflash\plugins\types\struct2json\inc</Filter>
        </ClInclude>
        <ClInclude Include="HITSIC_Module\utilities\inc_stdlib.h">
            <Filter>HITSIC_Module\utilities</Filter>
        </ClInclude>
        <ClInclude Include="HITSIC_Module\utilities\lib_adrcctrl.h">
            <Filter>HITSIC_Module\utilities</Filter>
        </ClInclude>
        <ClInclude Include="HITSIC_Module\utilities\lib_disp_common.hpp">
            <Filter>HITSIC_Module\utilities</Filter>
        </ClInclude>
        <ClInclude Include="HITSIC_Module\utilities\lib_graphic.hpp">
            <Filter>HITSIC_Module\utilities</Filter>
        </ClInclude>
        <ClInclude Include="HITSIC_Module\utilities\lib_list.h">
            <Filter>HITSIC_Module\utilities</Filter>
        </ClInclude>
        <ClInclude Include="HITSIC_Module\utilities\lib_pidctrl.h">
            <Filter>HITSIC_Module\utilities</Filter>
        </ClInclude>
        <ClInclude Include="HITSIC_Module\utilities\sys_extint.hpp">
            <Filter>HITSIC_Module\utilities</Filter>
        </ClInclude>
        <ClInclude Include="HITSIC_Module\utilities\sys_pitmgr.hpp">
            <Filter>HITSIC_Module\utilities</Filter>
        </ClInclude>
        <ClInclude Include="HITSIC_Module\utilities\sys_rmcall.hpp">
            <Filter>HITSIC_Module\utilities</Filter>
        </ClInclude>
        <ClInclude Include="HITSIC_Module\utilities\sys_uartmgr.hpp">
            <Filter>HITSIC_Module\utilities</Filter>
        </ClInclude>
        <ClInclude Include="board\board.h">
            <Filter>board</Filter>
        </ClInclude>
        <ClInclude Include="board\clock_config.h">
            <Filter>board</Filter>
        </ClInclude>
        <ClInclude Include="board\peripherals.h">
            <Filter>board</Filter>
        </ClInclude>
        <ClInclude Include="board\peripherals.h.bak">
            <Filter>board</Filter>
        </ClInclude>
        <ClInclude Include="board\pin_mux.h">
            <Filter>board</Filter>
        </ClInclude>
        <ClInclude Include="board\pin_mux.h.bak">
            <Filter>board</Filter>
        </ClInclude>
        <ClInclude Include="board\sdmmc_config.h">
            <Filter>board</Filter>
        </ClInclude>
        <ClInclude Include="component\lists\generic_list.h">
            <Filter>component\lists</Filter>
        </ClInclude>
        <ClInclude Include="component\osa\fsl_os_abstraction.h">
            <Filter>component\osa</Filter>
        </ClInclude>
        <ClInclude Include="component\osa\fsl_os_abstraction_bm.h">
            <Filter>component\osa</Filter>
        </ClInclude>
        <ClInclude Include="component\osa\fsl_os_abstraction_config.h">
            <Filter>component\osa</Filter>
        </ClInclude>
        <ClInclude Include="component\serial_manager\serial_manager.h">
            <Filter>component\serial_manager</Filter>
        </ClInclude>
        <ClInclude Include="component\serial_manager\serial_port_internal.h">
            <Filter>component\serial_manager</Filter>
        </ClInclude>
        <ClInclude Include="component\serial_manager\serial_port_uart.h">
            <Filter>component\serial_manager</Filter>
        </ClInclude>
        <ClInclude Include="component\uart\uart.h">
            <Filter>component\uart</Filter>
        </ClInclude>
        <ClInclude Include="device\MK66F18.h">
            <Filter>device</Filter>
        </ClInclude>
        <ClInclude Include="device\MK66F18_features.h">
            <Filter>device</Filter>
        </ClInclude>
        <ClInclude Include="device\fsl_device_registers.h">
            <Filter>device</Filter>
        </ClInclude>
        <ClInclude Include="device\system_MK66F18.h">
            <Filter>device</Filter>
        </ClInclude>
        <ClInclude Include="drivers\fsl_adc16.h">
            <Filter>drivers</Filter>
        </ClInclude>
        <ClInclude Include="drivers\fsl_cache.h">
            <Filter>drivers</Filter>
        </ClInclude>
        <ClInclude Include="drivers\fsl_clock.h">
            <Filter>drivers</Filter>
        </ClInclude>
        <ClInclude Include="drivers\fsl_cmp.h">
            <Filter>drivers</Filter>
        </ClInclude>
        <ClInclude Include="drivers\fsl_cmt.h">
            <Filter>drivers</Filter>
        </ClInclude>
        <ClInclude Include="drivers\fsl_common.h">
            <Filter>drivers</Filter>
        </ClInclude>
        <ClInclude Include="drivers\fsl_crc.h">
            <Filter>drivers</Filter>
        </ClInclude>
        <ClInclude Include="drivers\fsl_dac.h">
            <Filter>drivers</Filter>
        </ClInclude>
        <ClInclude Include="drivers\fsl_dmamux.h">
            <Filter>drivers</Filter>
        </ClInclude>
        <ClInclude Include="drivers\fsl_dspi.h">
            <Filter>drivers</Filter>
        </ClInclude>
        <ClInclude Include="drivers\fsl_dspi_edma.h">
            <Filter>drivers</Filter>
        </ClInclude>
        <ClInclude Include="drivers\fsl_edma.h">
            <Filter>drivers</Filter>
        </ClInclude>
        <ClInclude Include="drivers\fsl_enet.h">
            <Filter>drivers</Filter>
        </ClInclude>
        <ClInclude Include="drivers\fsl_ewm.h">
            <Filter>drivers</Filter>
        </ClInclude>
        <ClInclude Include="drivers\fsl_flash.h">
            <Filter>drivers</Filter>
        </ClInclude>
        <ClInclude Include="drivers\fsl_flexbus.h">
            <Filter>drivers</Filter>
        </ClInclude>
        <ClInclude Include="drivers\fsl_flexcan.h">
            <Filter>drivers</Filter>
        </ClInclude>
        <ClInclude Include="drivers\fsl_ftfx_adapter.h">
            <Filter>drivers</Filter>
        </ClInclude>
        <ClInclude Include="drivers\fsl_ftfx_cache.h">
            <Filter>drivers</Filter>
        </ClInclude>
        <ClInclude Include="drivers\fsl_ftfx_controller.h">
            <Filter>drivers</Filter>
        </ClInclude>
        <ClInclude Include="drivers\fsl_ftfx_features.h">
            <Filter>drivers</Filter>
        </ClInclude>
        <ClInclude Include="drivers\fsl_ftfx_flash.h">
            <Filter>drivers</Filter>
        </ClInclude>
        <ClInclude Include="drivers\fsl_ftfx_flexnvm.h">
            <Filter>drivers</Filter>
        </ClInclude>
        <ClInclude Include="drivers\fsl_ftfx_utilities.h">
            <Filter>drivers</Filter>
        </ClInclude>
        <ClInclude Include="drivers\fsl_ftm.h">
            <Filter>drivers</Filter>
        </ClInclude>
        <ClInclude Include="drivers\fsl_gpio.h">
            <Filter>drivers</Filter>
        </ClInclude>
        <ClInclude Include="drivers\fsl_i2c.h">
            <Filter>drivers</Filter>
        </ClInclude>
        <ClInclude Include="drivers\fsl_i2c_edma.h">
            <Filter>drivers</Filter>
        </ClInclude>
        <ClInclude Include="drivers\fsl_llwu.h">
            <Filter>drivers</Filter>
        </ClInclude>
        <ClInclude Include="drivers\fsl_lmem_cache.h">
            <Filter>drivers</Filter>
        </ClInclude>
        <ClInclude Include="drivers\fsl_lptmr.h">
            <Filter>drivers</Filter>
        </ClInclude>
        <ClInclude Include="drivers\fsl_lpuart.h">
            <Filter>drivers</Filter>
        </ClInclude>
        <ClInclude Include="drivers\fsl_lpuart_edma.h">
            <Filter>drivers</Filter>
        </ClInclude>
        <ClInclude Include="drivers\fsl_pdb.h">
            <Filter>drivers</Filter>
        </ClInclude>
        <ClInclude Include="drivers\fsl_pit.h">
            <Filter>drivers</Filter>
        </ClInclude>
        <ClInclude Include="drivers\fsl_pmc.h">
            <Filter>drivers</Filter>
        </ClInclude>
        <ClInclude Include="drivers\fsl_port.h">
            <Filter>drivers</Filter>
        </ClInclude>
        <ClInclude Include="drivers\fsl_rcm.h">
            <Filter>drivers</Filter>
        </ClInclude>
        <ClInclude Include="drivers\fsl_rnga.h">
            <Filter>drivers</Filter>
        </ClInclude>
        <ClInclude Include="drivers\fsl_rtc.h">
            <Filter>drivers</Filter>
        </ClInclude>
        <ClInclude Include="drivers\fsl_sai.h">
            <Filter>drivers</Filter>
        </ClInclude>
        <ClInclude Include="drivers\fsl_sai_edma.h">
            <Filter>drivers</Filter>
        </ClInclude>
        <ClInclude Include="drivers\fsl_sdhc.h">
            <Filter>drivers</Filter>
        </ClInclude>
        <ClInclude Include="drivers\fsl_sdramc.h">
            <Filter>drivers</Filter>
        </ClInclude>
        <ClInclude Include="drivers\fsl_sim.h">
            <Filter>drivers</Filter>
        </ClInclude>
        <ClInclude Include="drivers\fsl_smc.h">
            <Filter>drivers</Filter>
        </ClInclude>
        <ClInclude Include="drivers\fsl_sysmpu.h">
            <Filter>drivers</Filter>
        </ClInclude>
        <ClInclude Include="drivers\fsl_tpm.h">
            <Filter>drivers</Filter>
        </ClInclude>
        <ClInclude Include="drivers\fsl_tsi_v4.h">
            <Filter>drivers</Filter>
        </ClInclude>
        <ClInclude Include="drivers\fsl_uart.h">
            <Filter>drivers</Filter>
        </ClInclude>
        <ClInclude Include="drivers\fsl_uart_edma.h">
            <Filter>drivers</Filter>
        </ClInclude>
        <ClInclude Include="drivers\fsl_vref.h">
            <Filter>drivers</Filter>
        </ClInclude>
        <ClInclude Include="drivers\fsl_wdog.h">
            <Filter>drivers</Filter>
        </ClInclude>
        <ClInclude Include="fatfs\source\diskio.h">
            <Filter>fatfs\source</Filter>
        </ClInclude>
        <ClInclude Include="fatfs\source\ff.h">
            <Filter>fatfs\source</Filter>
        </ClInclude>
        <ClInclude Include="fatfs\source\fsl_ram_disk\fsl_ram_disk.h">
            <Filter>fatfs\source\fsl_ram_disk</Filter>
        </ClInclude>
        <ClInclude Include="fatfs\source\fsl_sd_disk\fsl_sd_disk.h">
            <Filter>fatfs\source\fsl_sd_disk</Filter>
        </ClInclude>
        <ClInclude Include="sdmmc\host\fsl_sdmmc_host.h">
            <Filter>sdmmc\host</Filter>
        </ClInclude>
        <ClInclude Include="sdmmc\inc\fsl_sd.h">
            <Filter>sdmmc\inc</Filter>
        </ClInclude>
        <ClInclude Include="sdmmc\inc\fsl_sdio.h">
            <Filter>sdmmc\inc</Filter>
        </ClInclude>
        <ClInclude Include="sdmmc\inc\fsl_sdmmc_common.h">
            <Filter>sdmmc\inc</Filter>
        </ClInclude>
        <ClInclude Include="sdmmc\inc\fsl_sdmmc_spec.h">
            <Filter>sdmmc\inc</Filter>
        </ClInclude>
        <ClInclude Include="sdmmc\osa\fsl_sdmmc_osa.h">
            <Filter>sdmmc\osa</Filter>
        </ClInclude>
        <ClInclude Include="source\ffconf.h">
            <Filter>source</Filter>
        </ClInclude>
        <ClInclude Include="utilities\fsl_debug_console.h">
            <Filter>utilities</Filter>
        </ClInclude>
        <ClInclude Include="utilities\fsl_debug_console_conf.h">
            <Filter>utilities</Filter>
        </ClInclude>
        <ClInclude Include="utilities\fsl_shell.h">
            <Filter>utilities</Filter>
        </ClInclude>
        <ClInclude Include="utilities\fsl_str.h">
            <Filter>utilities</Filter>
        </ClInclude>
    </ItemGroup>
    <ItemGroup>
        <None Include="HITSIC_Module\utilities\extlib\CmBacktrace-1.4.0\.gitattributes">
            <Filter>HITSIC_Module\utilities\extlib\CmBacktrace-1.4.0</Filter>
        </None>
        <None Include="HITSIC_Module\utilities\extlib\CmBacktrace-1.4.0\LICENSE">
            <Filter>HITSIC_Module\utilities\extlib\CmBacktrace-1.4.0</Filter>
        </None>
        <None Include="HITSIC_Module\utilities\extlib\CmBacktrace-1.4.0\README.md">
            <Filter>HITSIC_Module\utilities\extlib\CmBacktrace-1.4.0</Filter>
        </None>
        <None Include="HITSIC_Module\utilities\extlib\CmBacktrace-1.4.0\cm_backtrace\fault_handler\gcc\cmb_fault.S">
            <Filter>HITSIC_Module\utilities\extlib\CmBacktrace-1.4.0\cm_backtrace\fault_handler\gcc</Filter>
        </None>
        <None Include="HITSIC_Module\utilities\extlib\CmBacktrace-1.4.0\cm_backtrace\fault_handler\iar\cmb_fault.S">
            <Filter>HITSIC_Module\utilities\extlib\CmBacktrace-1.4.0\cm_backtrace\fault_handler\iar</Filter>
        </None>
        <None Include="HITSIC_Module\utilities\extlib\CmBacktrace-1.4.0\cm_backtrace\fault_handler\keil\cmb_fault.S">
            <Filter>HITSIC_Module\utilities\extlib\CmBacktrace-1.4.0\cm_backtrace\fault_handler\keil</Filter>
        </None>
        <None Include="HITSIC_Module\utilities\extlib\CmBacktrace-1.4.0\docs\README.md">
            <Filter>HITSIC_Module\utilities\extlib\CmBacktrace-1.4.0\docs</Filter>
        </None>
        <None Include="HITSIC_Module\utilities\extlib\CmBacktrace-1.4.0\docs\zh\enable_c99_for_keil_iar_gcc.md">
            <Filter>HITSIC_Module\utilities\extlib\CmBacktrace-1.4.0\docs\zh</Filter>
        </None>
        <None Include="HITSIC_Module\utilities\extlib\CmBacktrace-1.4.0\docs\zh\how_to_use_addr2line_for_call_stack.md">
            <Filter>HITSIC_Module\utilities\extlib\CmBacktrace-1.4.0\docs\zh</Filter>
        </None>
        <None Include="HITSIC_Module\utilities\extlib\CmBacktrace-1.4.0\docs\zh\images\cm_backtrace_demo.gif">
            <Filter>HITSIC_Module\utilities\extlib\CmBacktrace-1.4.0\docs\zh\images</Filter>
        </None>
        <None Include="HITSIC_Module\utilities\extlib\CmBacktrace-1.4.0\docs\zh\images\demo\CmBacktrace.uga">
            <Filter>HITSIC_Module\utilities\extlib\CmBacktrace-1.4.0\docs\zh\images\demo</Filter>
        </None>
        <None Include="HITSIC_Module\utilities\extlib\CmBacktrace-1.4.0\docs\zh\images\demo\call_stack_basic_info.png">
            <Filter>HITSIC_Module\utilities\extlib\CmBacktrace-1.4.0\docs\zh\images\demo</Filter>
        </None>
        <None Include="HITSIC_Module\utilities\extlib\CmBacktrace-1.4.0\docs\zh\images\demo\call_stack_details.png">
            <Filter>HITSIC_Module\utilities\extlib\CmBacktrace-1.4.0\docs\zh\images\demo</Filter>
        </None>
        <None Include="HITSIC_Module\utilities\extlib\CmBacktrace-1.4.0\docs\zh\images\demo\cd_exe_dir.png">
            <Filter>HITSIC_Module\utilities\extlib\CmBacktrace-1.4.0\docs\zh\images\demo</Filter>
        </None>
        <None Include="HITSIC_Module\utilities\extlib\CmBacktrace-1.4.0\docs\zh\images\demo\demo_code.png">
            <Filter>HITSIC_Module\utilities\extlib\CmBacktrace-1.4.0\docs\zh\images\demo</Filter>
        </None>
        <None Include="HITSIC_Module\utilities\extlib\CmBacktrace-1.4.0\docs\zh\images\demo\fault_diagnosis.png">
            <Filter>HITSIC_Module\utilities\extlib\CmBacktrace-1.4.0\docs\zh\images\demo</Filter>
        </None>
        <None Include="HITSIC_Module\utilities\extlib\CmBacktrace-1.4.0\docs\zh\images\demo\paste_cmd.png">
            <Filter>HITSIC_Module\utilities\extlib\CmBacktrace-1.4.0\docs\zh\images\demo</Filter>
        </None>
        <None Include="HITSIC_Module\utilities\extlib\CmBacktrace-1.4.0\docs\zh\images\iar_enable_c99.png">
            <Filter>HITSIC_Module\utilities\extlib\CmBacktrace-1.4.0\docs\zh\images</Filter>
        </None>
        <None Include="HITSIC_Module\utilities\extlib\CmBacktrace-1.4.0\docs\zh\images\keil4_enable_c99.jpg">
            <Filter>HITSIC_Module\utilities\extlib\CmBacktrace-1.4.0\docs\zh\images</Filter>
        </None>
        <None Include="HITSIC_Module\utilities\extlib\CmBacktrace-1.4.0\docs\zh\images\keil5_enable_c99.jpg">
            <Filter>HITSIC_Module\utilities\extlib\CmBacktrace-1.4.0\docs\zh\images</Filter>
        </None>
        <None Include="HITSIC_Module\utilities\extlib\EasyFlash-4.0.0\easyflash\plugins\types\README.md">
            <Filter>HITSIC_Module\utilities\extlib\EasyFlash-4.0.0\easyflash\plugins\types</Filter>
        </None>
        <None Include="HITSIC_Module\utilities\extlib\EasyFlash-4.0.0\easyflash\plugins\types\struct2json\readme.md">
            <Filter>HITSIC_Module\utilities\extlib\EasyFlash-4.0.0\easyflash\plugins\types\struct2json</Filter>
        </None>
        <None Include="libs\libarm_cortexM4lf_math.a">
            <Filter>libs</Filter>
        </None>
    </ItemGroup>
</Project>
